
Microsoft Visual Studio Solution File, Format Version 12.00
# Visual Studio Version 17
VisualStudioVersion = 17.14.36414.22 d17.14
MinimumVisualStudioVersion = 10.0.40219.1
Project("{FAE04EC0-301F-11D3-BF4B-00C04F79EFBC}") = "P03_SalesDatabase", "P03_SalesDatabase\P03_SalesDatabase.csproj", "{B0D0B826-27DB-4FD3-85F1-FD274F4745A4}"
EndProject
Project("{FAE04EC0-301F-11D3-BF4B-00C04F79EFBC}") = "P03_SalesDatabase.Data", "P03_SalesDatabase.Data\P03_SalesDatabase.Data.csproj", "{488442D3-09D6-4908-B8BA-DA7A6F6594B5}"
EndProject
Project("{FAE04EC0-301F-11D3-BF4B-00C04F79EFBC}") = "P03_SalesDatabase.Data.Models", "P03_SalesDatabase.Data.Models\P03_SalesDatabase.Data.Models.csproj", "{17C17E79-6A19-481F-81C7-120E8AE4D949}"
EndProject
Global
	GlobalSection(SolutionConfigurationPlatforms) = preSolution
		Debug|Any CPU = Debug|Any CPU
		Release|Any CPU = Release|Any CPU
	EndGlobalSection
	GlobalSection(ProjectConfigurationPlatforms) = postSolution
		{B0D0B826-27DB-4FD3-85F1-FD274F4745A4}.Debug|Any CPU.ActiveCfg = Debug|Any CPU
		{B0D0B826-27DB-4FD3-85F1-FD274F4745A4}.Debug|Any CPU.Build.0 = Debug|Any CPU
		{B0D0B826-27DB-4FD3-85F1-FD274F4745A4}.Release|Any CPU.ActiveCfg = Release|Any CPU
		{B0D0B826-27DB-4FD3-85F1-FD274F4745A4}.Release|Any CPU.Build.0 = Release|Any CPU
		{488442D3-09D6-4908-B8BA-DA7A6F6594B5}.Debug|Any CPU.ActiveCfg = Debug|Any CPU
		{488442D3-09D6-4908-B8BA-DA7A6F6594B5}.Debug|Any CPU.Build.0 = Debug|Any CPU
		{488442D3-09D6-4908-B8BA-DA7A6F6594B5}.Release|Any CPU.ActiveCfg = Release|Any CPU
		{488442D3-09D6-4908-B8BA-DA7A6F6594B5}.Release|Any CPU.Build.0 = Release|Any CPU
		{17C17E79-6A19-481F-81C7-120E8AE4D949}.Debug|Any CPU.ActiveCfg = Debug|Any CPU
		{17C17E79-6A19-481F-81C7-120E8AE4D949}.Debug|Any CPU.Build.0 = Debug|Any CPU
		{17C17E79-6A19-481F-81C7-120E8AE4D949}.Release|Any CPU.ActiveCfg = Release|Any CPU
		{17C17E79-6A19-481F-81C7-120E8AE4D949}.Release|Any CPU.Build.0 = Release|Any CPU
	EndGlobalSection
	GlobalSection(SolutionProperties) = preSolution
		HideSolutionNode = FALSE
	EndGlobalSection
	GlobalSection(ExtensibilityGlobals) = postSolution
		SolutionGuid = {6F0CABDC-0180-4DCD-A3F6-63EF149707C4}
	EndGlobalSection
EndGlobal
