
Microsoft Visual Studio Solution File, Format Version 12.00
# Visual Studio Version 17
VisualStudioVersion = 17.11.35219.272
MinimumVisualStudioVersion = 10.0.40219.1
Project("{9A19103F-16F7-4668-BE54-9A1E7A4F7556}") = "InchToCentemeters", "InchToCentemeters\InchToCentemeters.csproj", "{95C257CB-312E-42D4-A2F4-A1CBBC0051EA}"
EndProject
Project("{9A19103F-16F7-4668-BE54-9A1E7A4F7556}") = "ObligatoryLiterature", "ObligatoryLiterature\ObligatoryLiterature.csproj", "{256DD657-C2D4-4BB5-AB57-F67469FB36B3}"
EndProject
Project("{9A19103F-16F7-4668-BE54-9A1E7A4F7556}") = "SchoolBooks", "SchoolBooks\SchoolBooks.csproj", "{A99E979C-032A-4E22-B838-B4A9E11D13B2}"
EndProject
Project("{9A19103F-16F7-4668-BE54-9A1E7A4F7556}") = "Repainting", "Repainting\Repainting.csproj", "{D6DF1221-25F2-4FAF-B0A7-5F5EDCB9899C}"
EndProject
Project("{9A19103F-16F7-4668-BE54-9A1E7A4F7556}") = "FoodDelivery", "FoodDelivery\FoodDelivery.csproj", "{3891F7BC-8AEA-4620-B432-4030B72056F3}"
EndProject
Project("{9A19103F-16F7-4668-BE54-9A1E7A4F7556}") = "BasketballEquipment", "BasketballEquipment\BasketballEquipment.csproj", "{6459A59C-B272-46C2-8C5A-54AD1F5AA83B}"
EndProject
Project("{9A19103F-16F7-4668-BE54-9A1E7A4F7556}") = "FishTank", "FishTank\FishTank.csproj", "{B38F818C-CC02-4E71-BF1E-A4FB13D103D2}"
EndProject
Project("{9A19103F-16F7-4668-BE54-9A1E7A4F7556}") = "Fishland", "Fishland\Fishland.csproj", "{14C59151-BC1E-441D-90B7-F622C82C15BE}"
EndProject
Project("{9A19103F-16F7-4668-BE54-9A1E7A4F7556}") = "ToyShop", "ToyShop\ToyShop.csproj", "{CD2C4B0B-C5CE-4ED8-A917-22278C87E85C}"
EndProject
Project("{9A19103F-16F7-4668-BE54-9A1E7A4F7556}") = "GodzillavsKong", "GodzillavsKong\GodzillavsKong.csproj", "{6FD867F3-503A-4A69-9B48-FE39C04E1285}"
EndProject
Project("{9A19103F-16F7-4668-BE54-9A1E7A4F7556}") = "SleepyTomCat", "SleepyTomCat\SleepyTomCat.csproj", "{607F980E-6A15-4423-AC0E-87216C9A7F8A}"
EndProject
Project("{9A19103F-16F7-4668-BE54-9A1E7A4F7556}") = "Harvest", "Harvest\Harvest.csproj", "{147D41C0-2C08-4CDA-AE7F-C9A96068A35F}"
EndProject
Project("{9A19103F-16F7-4668-BE54-9A1E7A4F7556}") = "TransportPrice", "TransportPrice\TransportPrice.csproj", "{EA1C6DE0-FB3A-4005-BA7E-73B328B61D5A}"
EndProject
Project("{9A19103F-16F7-4668-BE54-9A1E7A4F7556}") = "Pets", "Pets\Pets.csproj", "{24C48B3A-9309-4973-83F4-B14C938C904D}"
EndProject
Project("{9A19103F-16F7-4668-BE54-9A1E7A4F7556}") = "FlowerShop", "FlowerShop\FlowerShop.csproj", "{CCC9B065-F7E7-457D-98C1-F0FB3985C0F8}"
EndProject
Project("{9A19103F-16F7-4668-BE54-9A1E7A4F7556}") = "FuelTank", "FuelTank\FuelTank.csproj", "{062895DA-F670-4A29-AF33-112F4A02BA17}"
EndProject
Project("{9A19103F-16F7-4668-BE54-9A1E7A4F7556}") = "FuelTank2", "FuelTank2\FuelTank2.csproj", "{1D6CBC9A-6ECD-4A60-AF23-4B189EBF624C}"
EndProject
Project("{9A19103F-16F7-4668-BE54-9A1E7A4F7556}") = "DayOfWeek", "DayOfWeek\DayOfWeek.csproj", "{3B8631F0-24F6-4A0B-BC00-CCB01B640D72}"
EndProject
Project("{9A19103F-16F7-4668-BE54-9A1E7A4F7556}") = "WeekendOrWorkingDay", "WeekendOrWorkingDay\WeekendOrWorkingDay.csproj", "{40A7DE60-11AC-486C-84D3-19AB2ACC96FC}"
EndProject
Project("{9A19103F-16F7-4668-BE54-9A1E7A4F7556}") = "AnimalType", "AnimalType\AnimalType.csproj", "{7A2847F1-ABD8-4F48-9BBE-ABBEB1F662B0}"
EndProject
Project("{9A19103F-16F7-4668-BE54-9A1E7A4F7556}") = "PersonalTitles", "PersonalTitles\PersonalTitles.csproj", "{C1D4F0ED-E479-4CBD-A61C-99A25DEFAF92}"
EndProject
Project("{9A19103F-16F7-4668-BE54-9A1E7A4F7556}") = "SmallShop", "SmallShop\SmallShop.csproj", "{16FEC98F-CB08-4EEE-B5B7-ECF68E73D844}"
EndProject
Project("{9A19103F-16F7-4668-BE54-9A1E7A4F7556}") = "NumberInRange", "NumberInRange\NumberInRange.csproj", "{05774177-4C4F-4E4B-8B07-6896697FE3C8}"
EndProject
Project("{9A19103F-16F7-4668-BE54-9A1E7A4F7556}") = "WorkingHours", "WorkingHours\WorkingHours.csproj", "{BED8507C-895E-449C-BE9D-E980B29B0C1B}"
EndProject
Project("{9A19103F-16F7-4668-BE54-9A1E7A4F7556}") = "CinemaTicket", "CinemaTicket\CinemaTicket.csproj", "{E247778E-C158-4D5F-BD4E-9EC19B152F1C}"
EndProject
Project("{9A19103F-16F7-4668-BE54-9A1E7A4F7556}") = "FruitOrVegetable", "FruitOrVegetable\FruitOrVegetable.csproj", "{DD714637-E3EC-4DAD-9EE5-7624841074B2}"
EndProject
Project("{9A19103F-16F7-4668-BE54-9A1E7A4F7556}") = "InvalidNumber", "InvalidNumber\InvalidNumber.csproj", "{FC29D868-23F0-438B-ACD0-23312BEF9019}"
EndProject
Project("{9A19103F-16F7-4668-BE54-9A1E7A4F7556}") = "FruitShop", "FruitShop\FruitShop.csproj", "{29BC0606-4992-43C2-990F-3FF339FE325C}"
EndProject
Project("{9A19103F-16F7-4668-BE54-9A1E7A4F7556}") = "TradeCommissions", "TradeCommissions\TradeCommissions.csproj", "{20E17B9C-6564-4BD1-B062-FC3CC52E1D90}"
EndProject
Project("{9A19103F-16F7-4668-BE54-9A1E7A4F7556}") = "Cinema", "Cinema\Cinema.csproj", "{36E1CBDD-C2CB-4227-A084-D57F5D8189DB}"
EndProject
Project("{9A19103F-16F7-4668-BE54-9A1E7A4F7556}") = "SummerOutfit", "SummerOutfit\SummerOutfit.csproj", "{C6C1D556-0957-41D3-99A6-F234738DB3EB}"
EndProject
Project("{9A19103F-16F7-4668-BE54-9A1E7A4F7556}") = "NewHouse", "NewHouse\NewHouse.csproj", "{9DF3FEF1-959C-479C-9B2A-354948C4E87B}"
EndProject
Project("{9A19103F-16F7-4668-BE54-9A1E7A4F7556}") = "FishingBoat", "FishingBoat\FishingBoat.csproj", "{2F4C7DB9-5A3F-4176-98E8-0043702D6CE7}"
EndProject
Project("{9A19103F-16F7-4668-BE54-9A1E7A4F7556}") = "Journey", "Journey\Journey.csproj", "{4630A620-0DC7-48DA-B8A5-70C7DF140071}"
EndProject
Project("{9A19103F-16F7-4668-BE54-9A1E7A4F7556}") = "OperationsBetweenNumbers", "OperationsBetweenNumbers\OperationsBetweenNumbers.csproj", "{4B081641-EE55-4937-B994-8AD30E633C09}"
EndProject
Project("{9A19103F-16F7-4668-BE54-9A1E7A4F7556}") = "TruckDriver", "TruckDriver\TruckDriver.csproj", "{C70BB23A-4BFA-45EE-9C95-EE26593DC194}"
EndProject
Project("{9A19103F-16F7-4668-BE54-9A1E7A4F7556}") = "SchoolCamp", "SchoolCamp\SchoolCamp.csproj", "{8FC07B8E-0B7C-4287-95BD-C14F5D407932}"
EndProject
Project("{9A19103F-16F7-4668-BE54-9A1E7A4F7556}") = "PointRectangleBorder", "PointRectangleBorder\PointRectangleBorder.csproj", "{0F6E0BA9-A80B-481B-9FE7-3FD6CD227E04}"
EndProject
Project("{9A19103F-16F7-4668-BE54-9A1E7A4F7556}") = "NumbersFrom1To10", "NumbersFrom1To10\NumbersFrom1To10.csproj", "{203EBEFA-96AF-4781-8403-681D54E28255}"
EndProject
Project("{9A19103F-16F7-4668-BE54-9A1E7A4F7556}") = "MultiplyBy2", "MultiplyBy2\MultiplyBy2.csproj", "{78350586-D32D-4518-89DE-48073316C49A}"
EndProject
Project("{9A19103F-16F7-4668-BE54-9A1E7A4F7556}") = "NumbersFrom1To100", "NumbersFrom1To100\NumbersFrom1To100.csproj", "{16B94553-0090-4395-87BD-7D73AD7A9AEF}"
EndProject
Project("{9A19103F-16F7-4668-BE54-9A1E7A4F7556}") = "NumbersNTo1", "NumbersNTo1\NumbersNTo1.csproj", "{C0405A30-2941-47D1-A8EF-78F5481C75C4}"
EndProject
Project("{9A19103F-16F7-4668-BE54-9A1E7A4F7556}") = "Numbers 1ToNWithStep 3", "Numbers 1ToNWithStep 3\Numbers 1ToNWithStep 3.csproj", "{ED6821E5-1903-4ADC-9EC1-76C8DB0D9301}"
EndProject
Project("{9A19103F-16F7-4668-BE54-9A1E7A4F7556}") = "EvenPowersOf2", "EvenPowersOf2\EvenPowersOf2.csproj", "{81940EEA-8292-4544-83BD-512B31C7C2B5}"
EndProject
Project("{9A19103F-16F7-4668-BE54-9A1E7A4F7556}") = "CharacterSequence", "CharacterSequence\CharacterSequence.csproj", "{F597027A-F4E0-4693-9520-AAA160725198}"
EndProject
Project("{9A19103F-16F7-4668-BE54-9A1E7A4F7556}") = "VowelsSum", "VowelsSum\VowelsSum.csproj", "{BEC44AFE-9A15-4063-BE91-04A7FE5F84D1}"
EndProject
Project("{9A19103F-16F7-4668-BE54-9A1E7A4F7556}") = "SumNumbers", "SumNumbers\SumNumbers.csproj", "{8573F951-F571-4D49-946C-35248BB1483A}"
EndProject
Project("{9A19103F-16F7-4668-BE54-9A1E7A4F7556}") = "NumberSequence", "NumberSequence\NumberSequence.csproj", "{372436A2-8034-4D0B-AFB7-88E8E48639F5}"
EndProject
Project("{9A19103F-16F7-4668-BE54-9A1E7A4F7556}") = "LeftAndRightSum", "LeftAndRightSum\LeftAndRightSum.csproj", "{6964D574-47CD-4E0C-AFE4-17EF6C354194}"
EndProject
Project("{9A19103F-16F7-4668-BE54-9A1E7A4F7556}") = "OddEvenSum", "OddEvenSum\OddEvenSum.csproj", "{51F1663B-AC7D-4906-A1C6-059F16DAEC7F}"
EndProject
Project("{9A19103F-16F7-4668-BE54-9A1E7A4F7556}") = "NumbersEndingIn7", "NumbersEndingIn7\NumbersEndingIn7.csproj", "{C182FB0C-259C-4BB1-8ECF-6A648F533FCF}"
EndProject
Project("{9A19103F-16F7-4668-BE54-9A1E7A4F7556}") = "HalfSumElement", "HalfSumElement\HalfSumElement.csproj", "{ADF40D70-6B58-419B-9E7E-D6FF3373D42D}"
EndProject
Project("{9A19103F-16F7-4668-BE54-9A1E7A4F7556}") = "Histogram", "Histogram\Histogram.csproj", "{EE2EA75F-03CC-4952-8E3B-8D15651894DF}"
EndProject
Project("{9A19103F-16F7-4668-BE54-9A1E7A4F7556}") = "CleverLily", "CleverLily\CleverLily.csproj", "{43081186-331C-41CB-9891-7F47C376C1CE}"
EndProject
Project("{9A19103F-16F7-4668-BE54-9A1E7A4F7556}") = "Salary", "Salary\Salary.csproj", "{6C3FB574-ED27-4297-B1FD-87D0880DA168}"
EndProject
Project("{9A19103F-16F7-4668-BE54-9A1E7A4F7556}") = "Oscars", "Oscars\Oscars.csproj", "{56A63455-7A4D-47D0-A635-E33D4EE7C6BB}"
EndProject
Project("{9A19103F-16F7-4668-BE54-9A1E7A4F7556}") = "TrekkingMania", "TrekkingMania\TrekkingMania.csproj", "{F2EE7B2B-B63E-41FA-A90D-F622BCBB8286}"
EndProject
Project("{9A19103F-16F7-4668-BE54-9A1E7A4F7556}") = "TennisRanklist", "TennisRanklist\TennisRanklist.csproj", "{A32EFD41-C0DE-4B62-A1F9-68A566EE5E76}"
EndProject
Project("{9A19103F-16F7-4668-BE54-9A1E7A4F7556}") = "BackToThePast", "BackToThePast\BackToThePast.csproj", "{4AF19029-1365-4F7E-9CFE-4C1A9BB09BA3}"
EndProject
Project("{9A19103F-16F7-4668-BE54-9A1E7A4F7556}") = "Hospital", "Hospital\Hospital.csproj", "{6A99565A-B4F8-43D0-A81C-D44DE2148B57}"
EndProject
Project("{9A19103F-16F7-4668-BE54-9A1E7A4F7556}") = "Logistics", "Logistics\Logistics.csproj", "{504A10BB-91B9-4D62-9404-728C0C8CD613}"
EndProject
Project("{9A19103F-16F7-4668-BE54-9A1E7A4F7556}") = "Grades", "Grades\Grades.csproj", "{7875594D-B206-411E-BE2D-803A6A3BDCDF}"
EndProject
Project("{9A19103F-16F7-4668-BE54-9A1E7A4F7556}") = "GameOfIntervals", "GameOfIntervals\GameOfIntervals.csproj", "{001CCC1F-8AD1-4BC5-8889-CED28196C31F}"
EndProject
Project("{9A19103F-16F7-4668-BE54-9A1E7A4F7556}") = "Bills", "Bills\Bills.csproj", "{63206BAE-EADE-4320-B478-5F5D43F2F1FB}"
EndProject
Project("{9A19103F-16F7-4668-BE54-9A1E7A4F7556}") = "FootballLeague", "FootballLeague\FootballLeague.csproj", "{D7AA4C51-CBA1-4146-9FD4-C6BB77CF7736}"
EndProject
Project("{9A19103F-16F7-4668-BE54-9A1E7A4F7556}") = "EqualPairs", "EqualPairs\EqualPairs.csproj", "{6C95FCE2-4921-47F3-B927-6FC2CF628279}"
EndProject
Project("{9A19103F-16F7-4668-BE54-9A1E7A4F7556}") = "Clock", "Clock\Clock.csproj", "{711D9157-27DA-4B03-8C3E-665703B44B29}"
EndProject
Project("{9A19103F-16F7-4668-BE54-9A1E7A4F7556}") = "ClockPart2", "ClockPart2\ClockPart2.csproj", "{FD9327BF-0018-4C80-9345-E1C1F3936594}"
EndProject
Project("{9A19103F-16F7-4668-BE54-9A1E7A4F7556}") = "Dishwasher", "Dishwasher\Dishwasher.csproj", "{3EB40A55-A46A-4F7D-8C43-78524D7B2848}"
EndProject
Project("{9A19103F-16F7-4668-BE54-9A1E7A4F7556}") = "ReportSystem", "ReportSystem\ReportSystem.csproj", "{E3663E7E-73A5-4CC1-ADB3-E8CDDE2B2513}"
EndProject
Project("{9A19103F-16F7-4668-BE54-9A1E7A4F7556}") = "StreamOfLetters", "StreamOfLetters\StreamOfLetters.csproj", "{D1F9A12A-D3B8-47A8-A0B3-34B929CA3CF4}"
EndProject
Project("{9A19103F-16F7-4668-BE54-9A1E7A4F7556}") = "NumbersDividedby3WithoutReminder", "NumbersDividedby3WithoutReminder\NumbersDividedby3WithoutReminder.csproj", "{A1B25A36-C96F-43E6-8F59-653128A7CA85}"
EndProject
Project("{9A19103F-16F7-4668-BE54-9A1E7A4F7556}") = "AverageNumber", "AverageNumber\AverageNumber.csproj", "{62FB8258-FA29-4DC9-AC79-89074D90FE84}"
EndProject
Project("{9A19103F-16F7-4668-BE54-9A1E7A4F7556}") = "EqualSumsEvenOddPosition", "EqualSumsEvenOddPosition\EqualSumsEvenOddPosition.csproj", "{374795AD-5868-48E6-A314-5E75B46622CF}"
EndProject
Project("{9A19103F-16F7-4668-BE54-9A1E7A4F7556}") = "SumPrimeNonPrime", "SumPrimeNonPrime\SumPrimeNonPrime.csproj", "{DDE9C79D-9C9E-4C3B-A138-3552AFCE5F2E}"
EndProject
Project("{9A19103F-16F7-4668-BE54-9A1E7A4F7556}") = "TrainTheTrainers", "TrainTheTrainers\TrainTheTrainers.csproj", "{B0A886F3-0FEE-4EDA-ADB4-62BF10B01D82}"
EndProject
Project("{9A19103F-16F7-4668-BE54-9A1E7A4F7556}") = "UniquePinCodes", "UniquePinCodes\UniquePinCodes.csproj", "{B74D2251-8C9A-411B-89FC-AE64908FC153}"
EndProject
Project("{9A19103F-16F7-4668-BE54-9A1E7A4F7556}") = "LettersCombinations", "LettersCombinations\LettersCombinations.csproj", "{89B59097-7F69-4DE6-8D4D-6DDE98A58E93}"
EndProject
Project("{9A19103F-16F7-4668-BE54-9A1E7A4F7556}") = "LuckyNumbers", "LuckyNumbers\LuckyNumbers.csproj", "{DC3A3607-C854-45A9-BA7E-211DDA7F5450}"
EndProject
Project("{9A19103F-16F7-4668-BE54-9A1E7A4F7556}") = "CarNumber", "CarNumber\CarNumber.csproj", "{C9C2AF45-879C-4891-AB54-ABCEA0AB6918}"
EndProject
Project("{9A19103F-16F7-4668-BE54-9A1E7A4F7556}") = "ChallengeWedding", "ChallengeWedding\ChallengeWedding.csproj", "{1E904F6E-E719-4682-ACE5-73A4ADF28C6A}"
EndProject
Project("{9A19103F-16F7-4668-BE54-9A1E7A4F7556}") = "WeddingSeats", "WeddingSeats\WeddingSeats.csproj", "{EBFDC5CE-383B-4D25-AFE4-88C7357C5F2D}"
EndProject
Project("{9A19103F-16F7-4668-BE54-9A1E7A4F7556}") = "SafePasswordsGenerator", "SafePasswordsGenerator\SafePasswordsGenerator.csproj", "{21F90341-9529-4793-99EC-ACFD8485982C}"
EndProject
Project("{9A19103F-16F7-4668-BE54-9A1E7A4F7556}") = "rabotna", "rabotna\rabotna.csproj", "{00A1DFFE-CD15-45AA-8DC3-E6E885FDD34B}"
EndProject
Project("{9A19103F-16F7-4668-BE54-9A1E7A4F7556}") = "ExamTask1", "ExamTask1\ExamTask1.csproj", "{54008C65-0A13-4260-9930-85FFACC2B889}"
EndProject
Project("{9A19103F-16F7-4668-BE54-9A1E7A4F7556}") = "ExamTask2", "ExamTask2\ExamTask2.csproj", "{D8887C19-26A8-4A36-A1AF-3810EEE86A99}"
EndProject
Project("{9A19103F-16F7-4668-BE54-9A1E7A4F7556}") = "ExamTask3", "ExamTask3\ExamTask3.csproj", "{0330A7C5-8DD9-4060-B9BB-A825F6B8D467}"
EndProject
Project("{9A19103F-16F7-4668-BE54-9A1E7A4F7556}") = "ExamTask4", "ExamTask4\ExamTask4.csproj", "{89E4E076-0A73-48AE-8CCF-0999ED945B1E}"
EndProject
Project("{9A19103F-16F7-4668-BE54-9A1E7A4F7556}") = "ExamTest5", "ExamTest5\ExamTest5.csproj", "{98229024-3976-4913-BF0A-92C0429C7DAA}"
EndProject
Project("{9A19103F-16F7-4668-BE54-9A1E7A4F7556}") = "ExamTask6", "ExamTask6\ExamTask6.csproj", "{826FF3C7-0F1A-490E-9675-6A7A0AE46719}"
EndProject
Project("{9A19103F-16F7-4668-BE54-9A1E7A4F7556}") = "VetParking", "VetParking\VetParking.csproj", "{A51CE2CE-C14C-4175-8EBB-92599AB81B19}"
EndProject
Project("{9A19103F-16F7-4668-BE54-9A1E7A4F7556}") = "TouristShop", "TouristShop\TouristShop.csproj", "{DD496EFD-AE2A-433E-8D42-58C7F916DD5F}"
EndProject
Project("{9A19103F-16F7-4668-BE54-9A1E7A4F7556}") = "Balls", "Balls\Balls.csproj", "{D9223CA1-5EF6-4518-9987-E1B229BCC262}"
EndProject
Project("{9A19103F-16F7-4668-BE54-9A1E7A4F7556}") = "AluminumJoinery", "AluminumJoinery\AluminumJoinery.csproj", "{81DCBE2D-87AF-4B45-9C97-D3DFD8F9EFE5}"
EndProject
Project("{9A19103F-16F7-4668-BE54-9A1E7A4F7556}") = "AddBags", "AddBags\AddBags.csproj", "{534487BD-16B5-40CC-9916-A1DAD98897AC}"
EndProject
Project("{9A19103F-16F7-4668-BE54-9A1E7A4F7556}") = "AgencyProfit", "AgencyProfit\AgencyProfit.csproj", "{0E9266C0-AE01-4571-B7C1-9455B024004D}"
EndProject
Project("{9A19103F-16F7-4668-BE54-9A1E7A4F7556}") = "TournamentChristmas", "TournamentChristmas\TournamentChristmas.csproj", "{4B3CFF19-2656-47AA-97E5-3A520BCD2A7C}"
EndProject
Project("{9A19103F-16F7-4668-BE54-9A1E7A4F7556}") = "TheMostPowerfulWord", "TheMostPowerfulWord\TheMostPowerfulWord.csproj", "{33BFFF45-6FD1-4EB5-A5B4-8D78621ED7A5}"
EndProject
Project("{9A19103F-16F7-4668-BE54-9A1E7A4F7556}") = "NameGame", "NameGame\NameGame.csproj", "{094FEF4A-3460-4EFA-9114-D6990B26DFBD}"
EndProject
Project("{9A19103F-16F7-4668-BE54-9A1E7A4F7556}") = "FootballTournament", "FootballTournament\FootballTournament.csproj", "{C248FB28-D05C-470E-982E-EB89C8BFF8F3}"
EndProject
Project("{9A19103F-16F7-4668-BE54-9A1E7A4F7556}") = "PCGameShop", "PCGameShop\PCGameShop.csproj", "{3F0EEA2E-6B0E-4E26-BAAB-A012AEBEEE3C}"
EndProject
Project("{9A19103F-16F7-4668-BE54-9A1E7A4F7556}") = "Renovation", "Renovation\Renovation.csproj", "{BB3D63C3-6376-4CD7-B7C1-D028EB8A7CB6}"
EndProject
Project("{9A19103F-16F7-4668-BE54-9A1E7A4F7556}") = "MovieTickets", "MovieTickets\MovieTickets.csproj", "{D7A5C564-2847-44B9-8066-B57AF2151682}"
EndProject
Project("{9A19103F-16F7-4668-BE54-9A1E7A4F7556}") = "FavoriteMovie", "FavoriteMovie\FavoriteMovie.csproj", "{42F4C394-35BD-4A76-8C91-9054E665FB99}"
EndProject
Project("{9A19103F-16F7-4668-BE54-9A1E7A4F7556}") = "Series", "Series\Series.csproj", "{CB41C676-77FF-45D6-9AF8-FBD3A4BD5D29}"
EndProject
Project("{9A19103F-16F7-4668-BE54-9A1E7A4F7556}") = "EasterDecoration", "EasterDecoration\EasterDecoration.csproj", "{7B9EA1BC-A55F-41FB-AA06-F928F5D1E40F}"
EndProject
Project("{FAE04EC0-301F-11D3-BF4B-00C04F79EFBC}") = "AA_PB_Exam_1", "AA_PB_Exam_1\AA_PB_Exam_1.csproj", "{A09E8D6A-535E-4C0D-848A-21AF7578A0AC}"
EndProject
Project("{FAE04EC0-301F-11D3-BF4B-00C04F79EFBC}") = "AA_PB_Exam_2", "AA_PB_Exam_2\AA_PB_Exam_2.csproj", "{9842DDC5-E2AB-4F30-BC86-3F1F1D454C07}"
EndProject
Project("{FAE04EC0-301F-11D3-BF4B-00C04F79EFBC}") = "AA_PB_Exam_3", "AA_PB_Exam_3\AA_PB_Exam_3.csproj", "{0498DEDC-89B8-4C62-826C-C5097FAAE8D7}"
EndProject
Project("{FAE04EC0-301F-11D3-BF4B-00C04F79EFBC}") = "AA_PB_Exam_4", "AA_PB_Exam_4\AA_PB_Exam_4.csproj", "{7446EEF4-3E76-4326-A038-197AFB5CCCD0}"
EndProject
Project("{FAE04EC0-301F-11D3-BF4B-00C04F79EFBC}") = "AA_PB_Exam_5", "AA_PB_Exam_5\AA_PB_Exam_5.csproj", "{60952F5A-4E76-4F62-BEB4-C48C34830B87}"
EndProject
Project("{FAE04EC0-301F-11D3-BF4B-00C04F79EFBC}") = "AA_PB_Exam_6", "AA_PB_Exam_6\AA_PB_Exam_6.csproj", "{C940327D-C7BB-4683-B5B3-5206B2773974}"
EndProject
Global
	GlobalSection(SolutionConfigurationPlatforms) = preSolution
		Debug|Any CPU = Debug|Any CPU
		Release|Any CPU = Release|Any CPU
	EndGlobalSection
	GlobalSection(ProjectConfigurationPlatforms) = postSolution
		{95C257CB-312E-42D4-A2F4-A1CBBC0051EA}.Debug|Any CPU.ActiveCfg = Debug|Any CPU
		{95C257CB-312E-42D4-A2F4-A1CBBC0051EA}.Debug|Any CPU.Build.0 = Debug|Any CPU
		{95C257CB-312E-42D4-A2F4-A1CBBC0051EA}.Release|Any CPU.ActiveCfg = Release|Any CPU
		{95C257CB-312E-42D4-A2F4-A1CBBC0051EA}.Release|Any CPU.Build.0 = Release|Any CPU
		{256DD657-C2D4-4BB5-AB57-F67469FB36B3}.Debug|Any CPU.ActiveCfg = Debug|Any CPU
		{256DD657-C2D4-4BB5-AB57-F67469FB36B3}.Debug|Any CPU.Build.0 = Debug|Any CPU
		{256DD657-C2D4-4BB5-AB57-F67469FB36B3}.Release|Any CPU.ActiveCfg = Release|Any CPU
		{256DD657-C2D4-4BB5-AB57-F67469FB36B3}.Release|Any CPU.Build.0 = Release|Any CPU
		{A99E979C-032A-4E22-B838-B4A9E11D13B2}.Debug|Any CPU.ActiveCfg = Debug|Any CPU
		{A99E979C-032A-4E22-B838-B4A9E11D13B2}.Debug|Any CPU.Build.0 = Debug|Any CPU
		{A99E979C-032A-4E22-B838-B4A9E11D13B2}.Release|Any CPU.ActiveCfg = Release|Any CPU
		{A99E979C-032A-4E22-B838-B4A9E11D13B2}.Release|Any CPU.Build.0 = Release|Any CPU
		{D6DF1221-25F2-4FAF-B0A7-5F5EDCB9899C}.Debug|Any CPU.ActiveCfg = Debug|Any CPU
		{D6DF1221-25F2-4FAF-B0A7-5F5EDCB9899C}.Debug|Any CPU.Build.0 = Debug|Any CPU
		{D6DF1221-25F2-4FAF-B0A7-5F5EDCB9899C}.Release|Any CPU.ActiveCfg = Release|Any CPU
		{D6DF1221-25F2-4FAF-B0A7-5F5EDCB9899C}.Release|Any CPU.Build.0 = Release|Any CPU
		{3891F7BC-8AEA-4620-B432-4030B72056F3}.Debug|Any CPU.ActiveCfg = Debug|Any CPU
		{3891F7BC-8AEA-4620-B432-4030B72056F3}.Debug|Any CPU.Build.0 = Debug|Any CPU
		{3891F7BC-8AEA-4620-B432-4030B72056F3}.Release|Any CPU.ActiveCfg = Release|Any CPU
		{3891F7BC-8AEA-4620-B432-4030B72056F3}.Release|Any CPU.Build.0 = Release|Any CPU
		{6459A59C-B272-46C2-8C5A-54AD1F5AA83B}.Debug|Any CPU.ActiveCfg = Debug|Any CPU
		{6459A59C-B272-46C2-8C5A-54AD1F5AA83B}.Debug|Any CPU.Build.0 = Debug|Any CPU
		{6459A59C-B272-46C2-8C5A-54AD1F5AA83B}.Release|Any CPU.ActiveCfg = Release|Any CPU
		{6459A59C-B272-46C2-8C5A-54AD1F5AA83B}.Release|Any CPU.Build.0 = Release|Any CPU
		{B38F818C-CC02-4E71-BF1E-A4FB13D103D2}.Debug|Any CPU.ActiveCfg = Debug|Any CPU
		{B38F818C-CC02-4E71-BF1E-A4FB13D103D2}.Debug|Any CPU.Build.0 = Debug|Any CPU
		{B38F818C-CC02-4E71-BF1E-A4FB13D103D2}.Release|Any CPU.ActiveCfg = Release|Any CPU
		{B38F818C-CC02-4E71-BF1E-A4FB13D103D2}.Release|Any CPU.Build.0 = Release|Any CPU
		{14C59151-BC1E-441D-90B7-F622C82C15BE}.Debug|Any CPU.ActiveCfg = Debug|Any CPU
		{14C59151-BC1E-441D-90B7-F622C82C15BE}.Debug|Any CPU.Build.0 = Debug|Any CPU
		{14C59151-BC1E-441D-90B7-F622C82C15BE}.Release|Any CPU.ActiveCfg = Release|Any CPU
		{14C59151-BC1E-441D-90B7-F622C82C15BE}.Release|Any CPU.Build.0 = Release|Any CPU
		{CD2C4B0B-C5CE-4ED8-A917-22278C87E85C}.Debug|Any CPU.ActiveCfg = Debug|Any CPU
		{CD2C4B0B-C5CE-4ED8-A917-22278C87E85C}.Debug|Any CPU.Build.0 = Debug|Any CPU
		{CD2C4B0B-C5CE-4ED8-A917-22278C87E85C}.Release|Any CPU.ActiveCfg = Release|Any CPU
		{CD2C4B0B-C5CE-4ED8-A917-22278C87E85C}.Release|Any CPU.Build.0 = Release|Any CPU
		{6FD867F3-503A-4A69-9B48-FE39C04E1285}.Debug|Any CPU.ActiveCfg = Debug|Any CPU
		{6FD867F3-503A-4A69-9B48-FE39C04E1285}.Debug|Any CPU.Build.0 = Debug|Any CPU
		{6FD867F3-503A-4A69-9B48-FE39C04E1285}.Release|Any CPU.ActiveCfg = Release|Any CPU
		{6FD867F3-503A-4A69-9B48-FE39C04E1285}.Release|Any CPU.Build.0 = Release|Any CPU
		{607F980E-6A15-4423-AC0E-87216C9A7F8A}.Debug|Any CPU.ActiveCfg = Debug|Any CPU
		{607F980E-6A15-4423-AC0E-87216C9A7F8A}.Debug|Any CPU.Build.0 = Debug|Any CPU
		{607F980E-6A15-4423-AC0E-87216C9A7F8A}.Release|Any CPU.ActiveCfg = Release|Any CPU
		{607F980E-6A15-4423-AC0E-87216C9A7F8A}.Release|Any CPU.Build.0 = Release|Any CPU
		{147D41C0-2C08-4CDA-AE7F-C9A96068A35F}.Debug|Any CPU.ActiveCfg = Debug|Any CPU
		{147D41C0-2C08-4CDA-AE7F-C9A96068A35F}.Debug|Any CPU.Build.0 = Debug|Any CPU
		{147D41C0-2C08-4CDA-AE7F-C9A96068A35F}.Release|Any CPU.ActiveCfg = Release|Any CPU
		{147D41C0-2C08-4CDA-AE7F-C9A96068A35F}.Release|Any CPU.Build.0 = Release|Any CPU
		{EA1C6DE0-FB3A-4005-BA7E-73B328B61D5A}.Debug|Any CPU.ActiveCfg = Debug|Any CPU
		{EA1C6DE0-FB3A-4005-BA7E-73B328B61D5A}.Debug|Any CPU.Build.0 = Debug|Any CPU
		{EA1C6DE0-FB3A-4005-BA7E-73B328B61D5A}.Release|Any CPU.ActiveCfg = Release|Any CPU
		{EA1C6DE0-FB3A-4005-BA7E-73B328B61D5A}.Release|Any CPU.Build.0 = Release|Any CPU
		{24C48B3A-9309-4973-83F4-B14C938C904D}.Debug|Any CPU.ActiveCfg = Debug|Any CPU
		{24C48B3A-9309-4973-83F4-B14C938C904D}.Debug|Any CPU.Build.0 = Debug|Any CPU
		{24C48B3A-9309-4973-83F4-B14C938C904D}.Release|Any CPU.ActiveCfg = Release|Any CPU
		{24C48B3A-9309-4973-83F4-B14C938C904D}.Release|Any CPU.Build.0 = Release|Any CPU
		{CCC9B065-F7E7-457D-98C1-F0FB3985C0F8}.Debug|Any CPU.ActiveCfg = Debug|Any CPU
		{CCC9B065-F7E7-457D-98C1-F0FB3985C0F8}.Debug|Any CPU.Build.0 = Debug|Any CPU
		{CCC9B065-F7E7-457D-98C1-F0FB3985C0F8}.Release|Any CPU.ActiveCfg = Release|Any CPU
		{CCC9B065-F7E7-457D-98C1-F0FB3985C0F8}.Release|Any CPU.Build.0 = Release|Any CPU
		{062895DA-F670-4A29-AF33-112F4A02BA17}.Debug|Any CPU.ActiveCfg = Debug|Any CPU
		{062895DA-F670-4A29-AF33-112F4A02BA17}.Debug|Any CPU.Build.0 = Debug|Any CPU
		{062895DA-F670-4A29-AF33-112F4A02BA17}.Release|Any CPU.ActiveCfg = Release|Any CPU
		{062895DA-F670-4A29-AF33-112F4A02BA17}.Release|Any CPU.Build.0 = Release|Any CPU
		{1D6CBC9A-6ECD-4A60-AF23-4B189EBF624C}.Debug|Any CPU.ActiveCfg = Debug|Any CPU
		{1D6CBC9A-6ECD-4A60-AF23-4B189EBF624C}.Debug|Any CPU.Build.0 = Debug|Any CPU
		{1D6CBC9A-6ECD-4A60-AF23-4B189EBF624C}.Release|Any CPU.ActiveCfg = Release|Any CPU
		{1D6CBC9A-6ECD-4A60-AF23-4B189EBF624C}.Release|Any CPU.Build.0 = Release|Any CPU
		{3B8631F0-24F6-4A0B-BC00-CCB01B640D72}.Debug|Any CPU.ActiveCfg = Debug|Any CPU
		{3B8631F0-24F6-4A0B-BC00-CCB01B640D72}.Debug|Any CPU.Build.0 = Debug|Any CPU
		{3B8631F0-24F6-4A0B-BC00-CCB01B640D72}.Release|Any CPU.ActiveCfg = Release|Any CPU
		{3B8631F0-24F6-4A0B-BC00-CCB01B640D72}.Release|Any CPU.Build.0 = Release|Any CPU
		{40A7DE60-11AC-486C-84D3-19AB2ACC96FC}.Debug|Any CPU.ActiveCfg = Debug|Any CPU
		{40A7DE60-11AC-486C-84D3-19AB2ACC96FC}.Debug|Any CPU.Build.0 = Debug|Any CPU
		{40A7DE60-11AC-486C-84D3-19AB2ACC96FC}.Release|Any CPU.ActiveCfg = Release|Any CPU
		{40A7DE60-11AC-486C-84D3-19AB2ACC96FC}.Release|Any CPU.Build.0 = Release|Any CPU
		{7A2847F1-ABD8-4F48-9BBE-ABBEB1F662B0}.Debug|Any CPU.ActiveCfg = Debug|Any CPU
		{7A2847F1-ABD8-4F48-9BBE-ABBEB1F662B0}.Debug|Any CPU.Build.0 = Debug|Any CPU
		{7A2847F1-ABD8-4F48-9BBE-ABBEB1F662B0}.Release|Any CPU.ActiveCfg = Release|Any CPU
		{7A2847F1-ABD8-4F48-9BBE-ABBEB1F662B0}.Release|Any CPU.Build.0 = Release|Any CPU
		{C1D4F0ED-E479-4CBD-A61C-99A25DEFAF92}.Debug|Any CPU.ActiveCfg = Debug|Any CPU
		{C1D4F0ED-E479-4CBD-A61C-99A25DEFAF92}.Debug|Any CPU.Build.0 = Debug|Any CPU
		{C1D4F0ED-E479-4CBD-A61C-99A25DEFAF92}.Release|Any CPU.ActiveCfg = Release|Any CPU
		{C1D4F0ED-E479-4CBD-A61C-99A25DEFAF92}.Release|Any CPU.Build.0 = Release|Any CPU
		{16FEC98F-CB08-4EEE-B5B7-ECF68E73D844}.Debug|Any CPU.ActiveCfg = Debug|Any CPU
		{16FEC98F-CB08-4EEE-B5B7-ECF68E73D844}.Debug|Any CPU.Build.0 = Debug|Any CPU
		{16FEC98F-CB08-4EEE-B5B7-ECF68E73D844}.Release|Any CPU.ActiveCfg = Release|Any CPU
		{16FEC98F-CB08-4EEE-B5B7-ECF68E73D844}.Release|Any CPU.Build.0 = Release|Any CPU
		{05774177-4C4F-4E4B-8B07-6896697FE3C8}.Debug|Any CPU.ActiveCfg = Debug|Any CPU
		{05774177-4C4F-4E4B-8B07-6896697FE3C8}.Debug|Any CPU.Build.0 = Debug|Any CPU
		{05774177-4C4F-4E4B-8B07-6896697FE3C8}.Release|Any CPU.ActiveCfg = Release|Any CPU
		{05774177-4C4F-4E4B-8B07-6896697FE3C8}.Release|Any CPU.Build.0 = Release|Any CPU
		{BED8507C-895E-449C-BE9D-E980B29B0C1B}.Debug|Any CPU.ActiveCfg = Debug|Any CPU
		{BED8507C-895E-449C-BE9D-E980B29B0C1B}.Debug|Any CPU.Build.0 = Debug|Any CPU
		{BED8507C-895E-449C-BE9D-E980B29B0C1B}.Release|Any CPU.ActiveCfg = Release|Any CPU
		{BED8507C-895E-449C-BE9D-E980B29B0C1B}.Release|Any CPU.Build.0 = Release|Any CPU
		{E247778E-C158-4D5F-BD4E-9EC19B152F1C}.Debug|Any CPU.ActiveCfg = Debug|Any CPU
		{E247778E-C158-4D5F-BD4E-9EC19B152F1C}.Debug|Any CPU.Build.0 = Debug|Any CPU
		{E247778E-C158-4D5F-BD4E-9EC19B152F1C}.Release|Any CPU.ActiveCfg = Release|Any CPU
		{E247778E-C158-4D5F-BD4E-9EC19B152F1C}.Release|Any CPU.Build.0 = Release|Any CPU
		{DD714637-E3EC-4DAD-9EE5-7624841074B2}.Debug|Any CPU.ActiveCfg = Debug|Any CPU
		{DD714637-E3EC-4DAD-9EE5-7624841074B2}.Debug|Any CPU.Build.0 = Debug|Any CPU
		{DD714637-E3EC-4DAD-9EE5-7624841074B2}.Release|Any CPU.ActiveCfg = Release|Any CPU
		{DD714637-E3EC-4DAD-9EE5-7624841074B2}.Release|Any CPU.Build.0 = Release|Any CPU
		{FC29D868-23F0-438B-ACD0-23312BEF9019}.Debug|Any CPU.ActiveCfg = Debug|Any CPU
		{FC29D868-23F0-438B-ACD0-23312BEF9019}.Debug|Any CPU.Build.0 = Debug|Any CPU
		{FC29D868-23F0-438B-ACD0-23312BEF9019}.Release|Any CPU.ActiveCfg = Release|Any CPU
		{FC29D868-23F0-438B-ACD0-23312BEF9019}.Release|Any CPU.Build.0 = Release|Any CPU
		{29BC0606-4992-43C2-990F-3FF339FE325C}.Debug|Any CPU.ActiveCfg = Debug|Any CPU
		{29BC0606-4992-43C2-990F-3FF339FE325C}.Debug|Any CPU.Build.0 = Debug|Any CPU
		{29BC0606-4992-43C2-990F-3FF339FE325C}.Release|Any CPU.ActiveCfg = Release|Any CPU
		{29BC0606-4992-43C2-990F-3FF339FE325C}.Release|Any CPU.Build.0 = Release|Any CPU
		{20E17B9C-6564-4BD1-B062-FC3CC52E1D90}.Debug|Any CPU.ActiveCfg = Debug|Any CPU
		{20E17B9C-6564-4BD1-B062-FC3CC52E1D90}.Debug|Any CPU.Build.0 = Debug|Any CPU
		{20E17B9C-6564-4BD1-B062-FC3CC52E1D90}.Release|Any CPU.ActiveCfg = Release|Any CPU
		{20E17B9C-6564-4BD1-B062-FC3CC52E1D90}.Release|Any CPU.Build.0 = Release|Any CPU
		{36E1CBDD-C2CB-4227-A084-D57F5D8189DB}.Debug|Any CPU.ActiveCfg = Debug|Any CPU
		{36E1CBDD-C2CB-4227-A084-D57F5D8189DB}.Debug|Any CPU.Build.0 = Debug|Any CPU
		{36E1CBDD-C2CB-4227-A084-D57F5D8189DB}.Release|Any CPU.ActiveCfg = Release|Any CPU
		{36E1CBDD-C2CB-4227-A084-D57F5D8189DB}.Release|Any CPU.Build.0 = Release|Any CPU
		{C6C1D556-0957-41D3-99A6-F234738DB3EB}.Debug|Any CPU.ActiveCfg = Debug|Any CPU
		{C6C1D556-0957-41D3-99A6-F234738DB3EB}.Debug|Any CPU.Build.0 = Debug|Any CPU
		{C6C1D556-0957-41D3-99A6-F234738DB3EB}.Release|Any CPU.ActiveCfg = Release|Any CPU
		{C6C1D556-0957-41D3-99A6-F234738DB3EB}.Release|Any CPU.Build.0 = Release|Any CPU
		{9DF3FEF1-959C-479C-9B2A-354948C4E87B}.Debug|Any CPU.ActiveCfg = Debug|Any CPU
		{9DF3FEF1-959C-479C-9B2A-354948C4E87B}.Debug|Any CPU.Build.0 = Debug|Any CPU
		{9DF3FEF1-959C-479C-9B2A-354948C4E87B}.Release|Any CPU.ActiveCfg = Release|Any CPU
		{9DF3FEF1-959C-479C-9B2A-354948C4E87B}.Release|Any CPU.Build.0 = Release|Any CPU
		{2F4C7DB9-5A3F-4176-98E8-0043702D6CE7}.Debug|Any CPU.ActiveCfg = Debug|Any CPU
		{2F4C7DB9-5A3F-4176-98E8-0043702D6CE7}.Debug|Any CPU.Build.0 = Debug|Any CPU
		{2F4C7DB9-5A3F-4176-98E8-0043702D6CE7}.Release|Any CPU.ActiveCfg = Release|Any CPU
		{2F4C7DB9-5A3F-4176-98E8-0043702D6CE7}.Release|Any CPU.Build.0 = Release|Any CPU
		{4630A620-0DC7-48DA-B8A5-70C7DF140071}.Debug|Any CPU.ActiveCfg = Debug|Any CPU
		{4630A620-0DC7-48DA-B8A5-70C7DF140071}.Debug|Any CPU.Build.0 = Debug|Any CPU
		{4630A620-0DC7-48DA-B8A5-70C7DF140071}.Release|Any CPU.ActiveCfg = Release|Any CPU
		{4630A620-0DC7-48DA-B8A5-70C7DF140071}.Release|Any CPU.Build.0 = Release|Any CPU
		{4B081641-EE55-4937-B994-8AD30E633C09}.Debug|Any CPU.ActiveCfg = Debug|Any CPU
		{4B081641-EE55-4937-B994-8AD30E633C09}.Debug|Any CPU.Build.0 = Debug|Any CPU
		{4B081641-EE55-4937-B994-8AD30E633C09}.Release|Any CPU.ActiveCfg = Release|Any CPU
		{4B081641-EE55-4937-B994-8AD30E633C09}.Release|Any CPU.Build.0 = Release|Any CPU
		{C70BB23A-4BFA-45EE-9C95-EE26593DC194}.Debug|Any CPU.ActiveCfg = Debug|Any CPU
		{C70BB23A-4BFA-45EE-9C95-EE26593DC194}.Debug|Any CPU.Build.0 = Debug|Any CPU
		{C70BB23A-4BFA-45EE-9C95-EE26593DC194}.Release|Any CPU.ActiveCfg = Release|Any CPU
		{C70BB23A-4BFA-45EE-9C95-EE26593DC194}.Release|Any CPU.Build.0 = Release|Any CPU
		{8FC07B8E-0B7C-4287-95BD-C14F5D407932}.Debug|Any CPU.ActiveCfg = Debug|Any CPU
		{8FC07B8E-0B7C-4287-95BD-C14F5D407932}.Debug|Any CPU.Build.0 = Debug|Any CPU
		{8FC07B8E-0B7C-4287-95BD-C14F5D407932}.Release|Any CPU.ActiveCfg = Release|Any CPU
		{8FC07B8E-0B7C-4287-95BD-C14F5D407932}.Release|Any CPU.Build.0 = Release|Any CPU
		{0F6E0BA9-A80B-481B-9FE7-3FD6CD227E04}.Debug|Any CPU.ActiveCfg = Debug|Any CPU
		{0F6E0BA9-A80B-481B-9FE7-3FD6CD227E04}.Debug|Any CPU.Build.0 = Debug|Any CPU
		{0F6E0BA9-A80B-481B-9FE7-3FD6CD227E04}.Release|Any CPU.ActiveCfg = Release|Any CPU
		{0F6E0BA9-A80B-481B-9FE7-3FD6CD227E04}.Release|Any CPU.Build.0 = Release|Any CPU
		{203EBEFA-96AF-4781-8403-681D54E28255}.Debug|Any CPU.ActiveCfg = Debug|Any CPU
		{203EBEFA-96AF-4781-8403-681D54E28255}.Debug|Any CPU.Build.0 = Debug|Any CPU
		{203EBEFA-96AF-4781-8403-681D54E28255}.Release|Any CPU.ActiveCfg = Release|Any CPU
		{203EBEFA-96AF-4781-8403-681D54E28255}.Release|Any CPU.Build.0 = Release|Any CPU
		{78350586-D32D-4518-89DE-48073316C49A}.Debug|Any CPU.ActiveCfg = Debug|Any CPU
		{78350586-D32D-4518-89DE-48073316C49A}.Debug|Any CPU.Build.0 = Debug|Any CPU
		{78350586-D32D-4518-89DE-48073316C49A}.Release|Any CPU.ActiveCfg = Release|Any CPU
		{78350586-D32D-4518-89DE-48073316C49A}.Release|Any CPU.Build.0 = Release|Any CPU
		{16B94553-0090-4395-87BD-7D73AD7A9AEF}.Debug|Any CPU.ActiveCfg = Debug|Any CPU
		{16B94553-0090-4395-87BD-7D73AD7A9AEF}.Debug|Any CPU.Build.0 = Debug|Any CPU
		{16B94553-0090-4395-87BD-7D73AD7A9AEF}.Release|Any CPU.ActiveCfg = Release|Any CPU
		{16B94553-0090-4395-87BD-7D73AD7A9AEF}.Release|Any CPU.Build.0 = Release|Any CPU
		{C0405A30-2941-47D1-A8EF-78F5481C75C4}.Debug|Any CPU.ActiveCfg = Debug|Any CPU
		{C0405A30-2941-47D1-A8EF-78F5481C75C4}.Debug|Any CPU.Build.0 = Debug|Any CPU
		{C0405A30-2941-47D1-A8EF-78F5481C75C4}.Release|Any CPU.ActiveCfg = Release|Any CPU
		{C0405A30-2941-47D1-A8EF-78F5481C75C4}.Release|Any CPU.Build.0 = Release|Any CPU
		{ED6821E5-1903-4ADC-9EC1-76C8DB0D9301}.Debug|Any CPU.ActiveCfg = Debug|Any CPU
		{ED6821E5-1903-4ADC-9EC1-76C8DB0D9301}.Debug|Any CPU.Build.0 = Debug|Any CPU
		{ED6821E5-1903-4ADC-9EC1-76C8DB0D9301}.Release|Any CPU.ActiveCfg = Release|Any CPU
		{ED6821E5-1903-4ADC-9EC1-76C8DB0D9301}.Release|Any CPU.Build.0 = Release|Any CPU
		{81940EEA-8292-4544-83BD-512B31C7C2B5}.Debug|Any CPU.ActiveCfg = Debug|Any CPU
		{81940EEA-8292-4544-83BD-512B31C7C2B5}.Debug|Any CPU.Build.0 = Debug|Any CPU
		{81940EEA-8292-4544-83BD-512B31C7C2B5}.Release|Any CPU.ActiveCfg = Release|Any CPU
		{81940EEA-8292-4544-83BD-512B31C7C2B5}.Release|Any CPU.Build.0 = Release|Any CPU
		{F597027A-F4E0-4693-9520-AAA160725198}.Debug|Any CPU.ActiveCfg = Debug|Any CPU
		{F597027A-F4E0-4693-9520-AAA160725198}.Debug|Any CPU.Build.0 = Debug|Any CPU
		{F597027A-F4E0-4693-9520-AAA160725198}.Release|Any CPU.ActiveCfg = Release|Any CPU
		{F597027A-F4E0-4693-9520-AAA160725198}.Release|Any CPU.Build.0 = Release|Any CPU
		{BEC44AFE-9A15-4063-BE91-04A7FE5F84D1}.Debug|Any CPU.ActiveCfg = Debug|Any CPU
		{BEC44AFE-9A15-4063-BE91-04A7FE5F84D1}.Debug|Any CPU.Build.0 = Debug|Any CPU
		{BEC44AFE-9A15-4063-BE91-04A7FE5F84D1}.Release|Any CPU.ActiveCfg = Release|Any CPU
		{BEC44AFE-9A15-4063-BE91-04A7FE5F84D1}.Release|Any CPU.Build.0 = Release|Any CPU
		{8573F951-F571-4D49-946C-35248BB1483A}.Debug|Any CPU.ActiveCfg = Debug|Any CPU
		{8573F951-F571-4D49-946C-35248BB1483A}.Debug|Any CPU.Build.0 = Debug|Any CPU
		{8573F951-F571-4D49-946C-35248BB1483A}.Release|Any CPU.ActiveCfg = Release|Any CPU
		{8573F951-F571-4D49-946C-35248BB1483A}.Release|Any CPU.Build.0 = Release|Any CPU
		{372436A2-8034-4D0B-AFB7-88E8E48639F5}.Debug|Any CPU.ActiveCfg = Debug|Any CPU
		{372436A2-8034-4D0B-AFB7-88E8E48639F5}.Debug|Any CPU.Build.0 = Debug|Any CPU
		{372436A2-8034-4D0B-AFB7-88E8E48639F5}.Release|Any CPU.ActiveCfg = Release|Any CPU
		{372436A2-8034-4D0B-AFB7-88E8E48639F5}.Release|Any CPU.Build.0 = Release|Any CPU
		{6964D574-47CD-4E0C-AFE4-17EF6C354194}.Debug|Any CPU.ActiveCfg = Debug|Any CPU
		{6964D574-47CD-4E0C-AFE4-17EF6C354194}.Debug|Any CPU.Build.0 = Debug|Any CPU
		{6964D574-47CD-4E0C-AFE4-17EF6C354194}.Release|Any CPU.ActiveCfg = Release|Any CPU
		{6964D574-47CD-4E0C-AFE4-17EF6C354194}.Release|Any CPU.Build.0 = Release|Any CPU
		{51F1663B-AC7D-4906-A1C6-059F16DAEC7F}.Debug|Any CPU.ActiveCfg = Debug|Any CPU
		{51F1663B-AC7D-4906-A1C6-059F16DAEC7F}.Debug|Any CPU.Build.0 = Debug|Any CPU
		{51F1663B-AC7D-4906-A1C6-059F16DAEC7F}.Release|Any CPU.ActiveCfg = Release|Any CPU
		{51F1663B-AC7D-4906-A1C6-059F16DAEC7F}.Release|Any CPU.Build.0 = Release|Any CPU
		{C182FB0C-259C-4BB1-8ECF-6A648F533FCF}.Debug|Any CPU.ActiveCfg = Debug|Any CPU
		{C182FB0C-259C-4BB1-8ECF-6A648F533FCF}.Debug|Any CPU.Build.0 = Debug|Any CPU
		{C182FB0C-259C-4BB1-8ECF-6A648F533FCF}.Release|Any CPU.ActiveCfg = Release|Any CPU
		{C182FB0C-259C-4BB1-8ECF-6A648F533FCF}.Release|Any CPU.Build.0 = Release|Any CPU
		{ADF40D70-6B58-419B-9E7E-D6FF3373D42D}.Debug|Any CPU.ActiveCfg = Debug|Any CPU
		{ADF40D70-6B58-419B-9E7E-D6FF3373D42D}.Debug|Any CPU.Build.0 = Debug|Any CPU
		{ADF40D70-6B58-419B-9E7E-D6FF3373D42D}.Release|Any CPU.ActiveCfg = Release|Any CPU
		{ADF40D70-6B58-419B-9E7E-D6FF3373D42D}.Release|Any CPU.Build.0 = Release|Any CPU
		{EE2EA75F-03CC-4952-8E3B-8D15651894DF}.Debug|Any CPU.ActiveCfg = Debug|Any CPU
		{EE2EA75F-03CC-4952-8E3B-8D15651894DF}.Debug|Any CPU.Build.0 = Debug|Any CPU
		{EE2EA75F-03CC-4952-8E3B-8D15651894DF}.Release|Any CPU.ActiveCfg = Release|Any CPU
		{EE2EA75F-03CC-4952-8E3B-8D15651894DF}.Release|Any CPU.Build.0 = Release|Any CPU
		{43081186-331C-41CB-9891-7F47C376C1CE}.Debug|Any CPU.ActiveCfg = Debug|Any CPU
		{43081186-331C-41CB-9891-7F47C376C1CE}.Debug|Any CPU.Build.0 = Debug|Any CPU
		{43081186-331C-41CB-9891-7F47C376C1CE}.Release|Any CPU.ActiveCfg = Release|Any CPU
		{43081186-331C-41CB-9891-7F47C376C1CE}.Release|Any CPU.Build.0 = Release|Any CPU
		{6C3FB574-ED27-4297-B1FD-87D0880DA168}.Debug|Any CPU.ActiveCfg = Debug|Any CPU
		{6C3FB574-ED27-4297-B1FD-87D0880DA168}.Debug|Any CPU.Build.0 = Debug|Any CPU
		{6C3FB574-ED27-4297-B1FD-87D0880DA168}.Release|Any CPU.ActiveCfg = Release|Any CPU
		{6C3FB574-ED27-4297-B1FD-87D0880DA168}.Release|Any CPU.Build.0 = Release|Any CPU
		{56A63455-7A4D-47D0-A635-E33D4EE7C6BB}.Debug|Any CPU.ActiveCfg = Debug|Any CPU
		{56A63455-7A4D-47D0-A635-E33D4EE7C6BB}.Debug|Any CPU.Build.0 = Debug|Any CPU
		{56A63455-7A4D-47D0-A635-E33D4EE7C6BB}.Release|Any CPU.ActiveCfg = Release|Any CPU
		{56A63455-7A4D-47D0-A635-E33D4EE7C6BB}.Release|Any CPU.Build.0 = Release|Any CPU
		{F2EE7B2B-B63E-41FA-A90D-F622BCBB8286}.Debug|Any CPU.ActiveCfg = Debug|Any CPU
		{F2EE7B2B-B63E-41FA-A90D-F622BCBB8286}.Debug|Any CPU.Build.0 = Debug|Any CPU
		{F2EE7B2B-B63E-41FA-A90D-F622BCBB8286}.Release|Any CPU.ActiveCfg = Release|Any CPU
		{F2EE7B2B-B63E-41FA-A90D-F622BCBB8286}.Release|Any CPU.Build.0 = Release|Any CPU
		{A32EFD41-C0DE-4B62-A1F9-68A566EE5E76}.Debug|Any CPU.ActiveCfg = Debug|Any CPU
		{A32EFD41-C0DE-4B62-A1F9-68A566EE5E76}.Debug|Any CPU.Build.0 = Debug|Any CPU
		{A32EFD41-C0DE-4B62-A1F9-68A566EE5E76}.Release|Any CPU.ActiveCfg = Release|Any CPU
		{A32EFD41-C0DE-4B62-A1F9-68A566EE5E76}.Release|Any CPU.Build.0 = Release|Any CPU
		{4AF19029-1365-4F7E-9CFE-4C1A9BB09BA3}.Debug|Any CPU.ActiveCfg = Debug|Any CPU
		{4AF19029-1365-4F7E-9CFE-4C1A9BB09BA3}.Debug|Any CPU.Build.0 = Debug|Any CPU
		{4AF19029-1365-4F7E-9CFE-4C1A9BB09BA3}.Release|Any CPU.ActiveCfg = Release|Any CPU
		{4AF19029-1365-4F7E-9CFE-4C1A9BB09BA3}.Release|Any CPU.Build.0 = Release|Any CPU
		{6A99565A-B4F8-43D0-A81C-D44DE2148B57}.Debug|Any CPU.ActiveCfg = Debug|Any CPU
		{6A99565A-B4F8-43D0-A81C-D44DE2148B57}.Debug|Any CPU.Build.0 = Debug|Any CPU
		{6A99565A-B4F8-43D0-A81C-D44DE2148B57}.Release|Any CPU.ActiveCfg = Release|Any CPU
		{6A99565A-B4F8-43D0-A81C-D44DE2148B57}.Release|Any CPU.Build.0 = Release|Any CPU
		{504A10BB-91B9-4D62-9404-728C0C8CD613}.Debug|Any CPU.ActiveCfg = Debug|Any CPU
		{504A10BB-91B9-4D62-9404-728C0C8CD613}.Debug|Any CPU.Build.0 = Debug|Any CPU
		{504A10BB-91B9-4D62-9404-728C0C8CD613}.Release|Any CPU.ActiveCfg = Release|Any CPU
		{504A10BB-91B9-4D62-9404-728C0C8CD613}.Release|Any CPU.Build.0 = Release|Any CPU
		{7875594D-B206-411E-BE2D-803A6A3BDCDF}.Debug|Any CPU.ActiveCfg = Debug|Any CPU
		{7875594D-B206-411E-BE2D-803A6A3BDCDF}.Debug|Any CPU.Build.0 = Debug|Any CPU
		{7875594D-B206-411E-BE2D-803A6A3BDCDF}.Release|Any CPU.ActiveCfg = Release|Any CPU
		{7875594D-B206-411E-BE2D-803A6A3BDCDF}.Release|Any CPU.Build.0 = Release|Any CPU
		{001CCC1F-8AD1-4BC5-8889-CED28196C31F}.Debug|Any CPU.ActiveCfg = Debug|Any CPU
		{001CCC1F-8AD1-4BC5-8889-CED28196C31F}.Debug|Any CPU.Build.0 = Debug|Any CPU
		{001CCC1F-8AD1-4BC5-8889-CED28196C31F}.Release|Any CPU.ActiveCfg = Release|Any CPU
		{001CCC1F-8AD1-4BC5-8889-CED28196C31F}.Release|Any CPU.Build.0 = Release|Any CPU
		{63206BAE-EADE-4320-B478-5F5D43F2F1FB}.Debug|Any CPU.ActiveCfg = Debug|Any CPU
		{63206BAE-EADE-4320-B478-5F5D43F2F1FB}.Debug|Any CPU.Build.0 = Debug|Any CPU
		{63206BAE-EADE-4320-B478-5F5D43F2F1FB}.Release|Any CPU.ActiveCfg = Release|Any CPU
		{63206BAE-EADE-4320-B478-5F5D43F2F1FB}.Release|Any CPU.Build.0 = Release|Any CPU
		{D7AA4C51-CBA1-4146-9FD4-C6BB77CF7736}.Debug|Any CPU.ActiveCfg = Debug|Any CPU
		{D7AA4C51-CBA1-4146-9FD4-C6BB77CF7736}.Debug|Any CPU.Build.0 = Debug|Any CPU
		{D7AA4C51-CBA1-4146-9FD4-C6BB77CF7736}.Release|Any CPU.ActiveCfg = Release|Any CPU
		{D7AA4C51-CBA1-4146-9FD4-C6BB77CF7736}.Release|Any CPU.Build.0 = Release|Any CPU
		{6C95FCE2-4921-47F3-B927-6FC2CF628279}.Debug|Any CPU.ActiveCfg = Debug|Any CPU
		{6C95FCE2-4921-47F3-B927-6FC2CF628279}.Debug|Any CPU.Build.0 = Debug|Any CPU
		{6C95FCE2-4921-47F3-B927-6FC2CF628279}.Release|Any CPU.ActiveCfg = Release|Any CPU
		{6C95FCE2-4921-47F3-B927-6FC2CF628279}.Release|Any CPU.Build.0 = Release|Any CPU
		{711D9157-27DA-4B03-8C3E-665703B44B29}.Debug|Any CPU.ActiveCfg = Debug|Any CPU
		{711D9157-27DA-4B03-8C3E-665703B44B29}.Debug|Any CPU.Build.0 = Debug|Any CPU
		{711D9157-27DA-4B03-8C3E-665703B44B29}.Release|Any CPU.ActiveCfg = Release|Any CPU
		{711D9157-27DA-4B03-8C3E-665703B44B29}.Release|Any CPU.Build.0 = Release|Any CPU
		{FD9327BF-0018-4C80-9345-E1C1F3936594}.Debug|Any CPU.ActiveCfg = Debug|Any CPU
		{FD9327BF-0018-4C80-9345-E1C1F3936594}.Debug|Any CPU.Build.0 = Debug|Any CPU
		{FD9327BF-0018-4C80-9345-E1C1F3936594}.Release|Any CPU.ActiveCfg = Release|Any CPU
		{FD9327BF-0018-4C80-9345-E1C1F3936594}.Release|Any CPU.Build.0 = Release|Any CPU
		{3EB40A55-A46A-4F7D-8C43-78524D7B2848}.Debug|Any CPU.ActiveCfg = Debug|Any CPU
		{3EB40A55-A46A-4F7D-8C43-78524D7B2848}.Debug|Any CPU.Build.0 = Debug|Any CPU
		{3EB40A55-A46A-4F7D-8C43-78524D7B2848}.Release|Any CPU.ActiveCfg = Release|Any CPU
		{3EB40A55-A46A-4F7D-8C43-78524D7B2848}.Release|Any CPU.Build.0 = Release|Any CPU
		{E3663E7E-73A5-4CC1-ADB3-E8CDDE2B2513}.Debug|Any CPU.ActiveCfg = Debug|Any CPU
		{E3663E7E-73A5-4CC1-ADB3-E8CDDE2B2513}.Debug|Any CPU.Build.0 = Debug|Any CPU
		{E3663E7E-73A5-4CC1-ADB3-E8CDDE2B2513}.Release|Any CPU.ActiveCfg = Release|Any CPU
		{E3663E7E-73A5-4CC1-ADB3-E8CDDE2B2513}.Release|Any CPU.Build.0 = Release|Any CPU
		{D1F9A12A-D3B8-47A8-A0B3-34B929CA3CF4}.Debug|Any CPU.ActiveCfg = Debug|Any CPU
		{D1F9A12A-D3B8-47A8-A0B3-34B929CA3CF4}.Debug|Any CPU.Build.0 = Debug|Any CPU
		{D1F9A12A-D3B8-47A8-A0B3-34B929CA3CF4}.Release|Any CPU.ActiveCfg = Release|Any CPU
		{D1F9A12A-D3B8-47A8-A0B3-34B929CA3CF4}.Release|Any CPU.Build.0 = Release|Any CPU
		{A1B25A36-C96F-43E6-8F59-653128A7CA85}.Debug|Any CPU.ActiveCfg = Debug|Any CPU
		{A1B25A36-C96F-43E6-8F59-653128A7CA85}.Debug|Any CPU.Build.0 = Debug|Any CPU
		{A1B25A36-C96F-43E6-8F59-653128A7CA85}.Release|Any CPU.ActiveCfg = Release|Any CPU
		{A1B25A36-C96F-43E6-8F59-653128A7CA85}.Release|Any CPU.Build.0 = Release|Any CPU
		{62FB8258-FA29-4DC9-AC79-89074D90FE84}.Debug|Any CPU.ActiveCfg = Debug|Any CPU
		{62FB8258-FA29-4DC9-AC79-89074D90FE84}.Debug|Any CPU.Build.0 = Debug|Any CPU
		{62FB8258-FA29-4DC9-AC79-89074D90FE84}.Release|Any CPU.ActiveCfg = Release|Any CPU
		{62FB8258-FA29-4DC9-AC79-89074D90FE84}.Release|Any CPU.Build.0 = Release|Any CPU
		{374795AD-5868-48E6-A314-5E75B46622CF}.Debug|Any CPU.ActiveCfg = Debug|Any CPU
		{374795AD-5868-48E6-A314-5E75B46622CF}.Debug|Any CPU.Build.0 = Debug|Any CPU
		{374795AD-5868-48E6-A314-5E75B46622CF}.Release|Any CPU.ActiveCfg = Release|Any CPU
		{374795AD-5868-48E6-A314-5E75B46622CF}.Release|Any CPU.Build.0 = Release|Any CPU
		{DDE9C79D-9C9E-4C3B-A138-3552AFCE5F2E}.Debug|Any CPU.ActiveCfg = Debug|Any CPU
		{DDE9C79D-9C9E-4C3B-A138-3552AFCE5F2E}.Debug|Any CPU.Build.0 = Debug|Any CPU
		{DDE9C79D-9C9E-4C3B-A138-3552AFCE5F2E}.Release|Any CPU.ActiveCfg = Release|Any CPU
		{DDE9C79D-9C9E-4C3B-A138-3552AFCE5F2E}.Release|Any CPU.Build.0 = Release|Any CPU
		{B0A886F3-0FEE-4EDA-ADB4-62BF10B01D82}.Debug|Any CPU.ActiveCfg = Debug|Any CPU
		{B0A886F3-0FEE-4EDA-ADB4-62BF10B01D82}.Debug|Any CPU.Build.0 = Debug|Any CPU
		{B0A886F3-0FEE-4EDA-ADB4-62BF10B01D82}.Release|Any CPU.ActiveCfg = Release|Any CPU
		{B0A886F3-0FEE-4EDA-ADB4-62BF10B01D82}.Release|Any CPU.Build.0 = Release|Any CPU
		{B74D2251-8C9A-411B-89FC-AE64908FC153}.Debug|Any CPU.ActiveCfg = Debug|Any CPU
		{B74D2251-8C9A-411B-89FC-AE64908FC153}.Debug|Any CPU.Build.0 = Debug|Any CPU
		{B74D2251-8C9A-411B-89FC-AE64908FC153}.Release|Any CPU.ActiveCfg = Release|Any CPU
		{B74D2251-8C9A-411B-89FC-AE64908FC153}.Release|Any CPU.Build.0 = Release|Any CPU
		{89B59097-7F69-4DE6-8D4D-6DDE98A58E93}.Debug|Any CPU.ActiveCfg = Debug|Any CPU
		{89B59097-7F69-4DE6-8D4D-6DDE98A58E93}.Debug|Any CPU.Build.0 = Debug|Any CPU
		{89B59097-7F69-4DE6-8D4D-6DDE98A58E93}.Release|Any CPU.ActiveCfg = Release|Any CPU
		{89B59097-7F69-4DE6-8D4D-6DDE98A58E93}.Release|Any CPU.Build.0 = Release|Any CPU
		{DC3A3607-C854-45A9-BA7E-211DDA7F5450}.Debug|Any CPU.ActiveCfg = Debug|Any CPU
		{DC3A3607-C854-45A9-BA7E-211DDA7F5450}.Debug|Any CPU.Build.0 = Debug|Any CPU
		{DC3A3607-C854-45A9-BA7E-211DDA7F5450}.Release|Any CPU.ActiveCfg = Release|Any CPU
		{DC3A3607-C854-45A9-BA7E-211DDA7F5450}.Release|Any CPU.Build.0 = Release|Any CPU
		{C9C2AF45-879C-4891-AB54-ABCEA0AB6918}.Debug|Any CPU.ActiveCfg = Debug|Any CPU
		{C9C2AF45-879C-4891-AB54-ABCEA0AB6918}.Debug|Any CPU.Build.0 = Debug|Any CPU
		{C9C2AF45-879C-4891-AB54-ABCEA0AB6918}.Release|Any CPU.ActiveCfg = Release|Any CPU
		{C9C2AF45-879C-4891-AB54-ABCEA0AB6918}.Release|Any CPU.Build.0 = Release|Any CPU
		{1E904F6E-E719-4682-ACE5-73A4ADF28C6A}.Debug|Any CPU.ActiveCfg = Debug|Any CPU
		{1E904F6E-E719-4682-ACE5-73A4ADF28C6A}.Debug|Any CPU.Build.0 = Debug|Any CPU
		{1E904F6E-E719-4682-ACE5-73A4ADF28C6A}.Release|Any CPU.ActiveCfg = Release|Any CPU
		{1E904F6E-E719-4682-ACE5-73A4ADF28C6A}.Release|Any CPU.Build.0 = Release|Any CPU
		{EBFDC5CE-383B-4D25-AFE4-88C7357C5F2D}.Debug|Any CPU.ActiveCfg = Debug|Any CPU
		{EBFDC5CE-383B-4D25-AFE4-88C7357C5F2D}.Debug|Any CPU.Build.0 = Debug|Any CPU
		{EBFDC5CE-383B-4D25-AFE4-88C7357C5F2D}.Release|Any CPU.ActiveCfg = Release|Any CPU
		{EBFDC5CE-383B-4D25-AFE4-88C7357C5F2D}.Release|Any CPU.Build.0 = Release|Any CPU
		{21F90341-9529-4793-99EC-ACFD8485982C}.Debug|Any CPU.ActiveCfg = Debug|Any CPU
		{21F90341-9529-4793-99EC-ACFD8485982C}.Debug|Any CPU.Build.0 = Debug|Any CPU
		{21F90341-9529-4793-99EC-ACFD8485982C}.Release|Any CPU.ActiveCfg = Release|Any CPU
		{21F90341-9529-4793-99EC-ACFD8485982C}.Release|Any CPU.Build.0 = Release|Any CPU
		{00A1DFFE-CD15-45AA-8DC3-E6E885FDD34B}.Debug|Any CPU.ActiveCfg = Debug|Any CPU
		{00A1DFFE-CD15-45AA-8DC3-E6E885FDD34B}.Debug|Any CPU.Build.0 = Debug|Any CPU
		{00A1DFFE-CD15-45AA-8DC3-E6E885FDD34B}.Release|Any CPU.ActiveCfg = Release|Any CPU
		{00A1DFFE-CD15-45AA-8DC3-E6E885FDD34B}.Release|Any CPU.Build.0 = Release|Any CPU
		{54008C65-0A13-4260-9930-85FFACC2B889}.Debug|Any CPU.ActiveCfg = Debug|Any CPU
		{54008C65-0A13-4260-9930-85FFACC2B889}.Debug|Any CPU.Build.0 = Debug|Any CPU
		{54008C65-0A13-4260-9930-85FFACC2B889}.Release|Any CPU.ActiveCfg = Release|Any CPU
		{54008C65-0A13-4260-9930-85FFACC2B889}.Release|Any CPU.Build.0 = Release|Any CPU
		{D8887C19-26A8-4A36-A1AF-3810EEE86A99}.Debug|Any CPU.ActiveCfg = Debug|Any CPU
		{D8887C19-26A8-4A36-A1AF-3810EEE86A99}.Debug|Any CPU.Build.0 = Debug|Any CPU
		{D8887C19-26A8-4A36-A1AF-3810EEE86A99}.Release|Any CPU.ActiveCfg = Release|Any CPU
		{D8887C19-26A8-4A36-A1AF-3810EEE86A99}.Release|Any CPU.Build.0 = Release|Any CPU
		{0330A7C5-8DD9-4060-B9BB-A825F6B8D467}.Debug|Any CPU.ActiveCfg = Debug|Any CPU
		{0330A7C5-8DD9-4060-B9BB-A825F6B8D467}.Debug|Any CPU.Build.0 = Debug|Any CPU
		{0330A7C5-8DD9-4060-B9BB-A825F6B8D467}.Release|Any CPU.ActiveCfg = Release|Any CPU
		{0330A7C5-8DD9-4060-B9BB-A825F6B8D467}.Release|Any CPU.Build.0 = Release|Any CPU
		{89E4E076-0A73-48AE-8CCF-0999ED945B1E}.Debug|Any CPU.ActiveCfg = Debug|Any CPU
		{89E4E076-0A73-48AE-8CCF-0999ED945B1E}.Debug|Any CPU.Build.0 = Debug|Any CPU
		{89E4E076-0A73-48AE-8CCF-0999ED945B1E}.Release|Any CPU.ActiveCfg = Release|Any CPU
		{89E4E076-0A73-48AE-8CCF-0999ED945B1E}.Release|Any CPU.Build.0 = Release|Any CPU
		{98229024-3976-4913-BF0A-92C0429C7DAA}.Debug|Any CPU.ActiveCfg = Debug|Any CPU
		{98229024-3976-4913-BF0A-92C0429C7DAA}.Debug|Any CPU.Build.0 = Debug|Any CPU
		{98229024-3976-4913-BF0A-92C0429C7DAA}.Release|Any CPU.ActiveCfg = Release|Any CPU
		{98229024-3976-4913-BF0A-92C0429C7DAA}.Release|Any CPU.Build.0 = Release|Any CPU
		{826FF3C7-0F1A-490E-9675-6A7A0AE46719}.Debug|Any CPU.ActiveCfg = Debug|Any CPU
		{826FF3C7-0F1A-490E-9675-6A7A0AE46719}.Debug|Any CPU.Build.0 = Debug|Any CPU
		{826FF3C7-0F1A-490E-9675-6A7A0AE46719}.Release|Any CPU.ActiveCfg = Release|Any CPU
		{826FF3C7-0F1A-490E-9675-6A7A0AE46719}.Release|Any CPU.Build.0 = Release|Any CPU
		{A51CE2CE-C14C-4175-8EBB-92599AB81B19}.Debug|Any CPU.ActiveCfg = Debug|Any CPU
		{A51CE2CE-C14C-4175-8EBB-92599AB81B19}.Debug|Any CPU.Build.0 = Debug|Any CPU
		{A51CE2CE-C14C-4175-8EBB-92599AB81B19}.Release|Any CPU.ActiveCfg = Release|Any CPU
		{A51CE2CE-C14C-4175-8EBB-92599AB81B19}.Release|Any CPU.Build.0 = Release|Any CPU
		{DD496EFD-AE2A-433E-8D42-58C7F916DD5F}.Debug|Any CPU.ActiveCfg = Debug|Any CPU
		{DD496EFD-AE2A-433E-8D42-58C7F916DD5F}.Debug|Any CPU.Build.0 = Debug|Any CPU
		{DD496EFD-AE2A-433E-8D42-58C7F916DD5F}.Release|Any CPU.ActiveCfg = Release|Any CPU
		{DD496EFD-AE2A-433E-8D42-58C7F916DD5F}.Release|Any CPU.Build.0 = Release|Any CPU
		{D9223CA1-5EF6-4518-9987-E1B229BCC262}.Debug|Any CPU.ActiveCfg = Debug|Any CPU
		{D9223CA1-5EF6-4518-9987-E1B229BCC262}.Debug|Any CPU.Build.0 = Debug|Any CPU
		{D9223CA1-5EF6-4518-9987-E1B229BCC262}.Release|Any CPU.ActiveCfg = Release|Any CPU
		{D9223CA1-5EF6-4518-9987-E1B229BCC262}.Release|Any CPU.Build.0 = Release|Any CPU
		{81DCBE2D-87AF-4B45-9C97-D3DFD8F9EFE5}.Debug|Any CPU.ActiveCfg = Debug|Any CPU
		{81DCBE2D-87AF-4B45-9C97-D3DFD8F9EFE5}.Debug|Any CPU.Build.0 = Debug|Any CPU
		{81DCBE2D-87AF-4B45-9C97-D3DFD8F9EFE5}.Release|Any CPU.ActiveCfg = Release|Any CPU
		{81DCBE2D-87AF-4B45-9C97-D3DFD8F9EFE5}.Release|Any CPU.Build.0 = Release|Any CPU
		{534487BD-16B5-40CC-9916-A1DAD98897AC}.Debug|Any CPU.ActiveCfg = Debug|Any CPU
		{534487BD-16B5-40CC-9916-A1DAD98897AC}.Debug|Any CPU.Build.0 = Debug|Any CPU
		{534487BD-16B5-40CC-9916-A1DAD98897AC}.Release|Any CPU.ActiveCfg = Release|Any CPU
		{534487BD-16B5-40CC-9916-A1DAD98897AC}.Release|Any CPU.Build.0 = Release|Any CPU
		{0E9266C0-AE01-4571-B7C1-9455B024004D}.Debug|Any CPU.ActiveCfg = Debug|Any CPU
		{0E9266C0-AE01-4571-B7C1-9455B024004D}.Debug|Any CPU.Build.0 = Debug|Any CPU
		{0E9266C0-AE01-4571-B7C1-9455B024004D}.Release|Any CPU.ActiveCfg = Release|Any CPU
		{0E9266C0-AE01-4571-B7C1-9455B024004D}.Release|Any CPU.Build.0 = Release|Any CPU
		{4B3CFF19-2656-47AA-97E5-3A520BCD2A7C}.Debug|Any CPU.ActiveCfg = Debug|Any CPU
		{4B3CFF19-2656-47AA-97E5-3A520BCD2A7C}.Debug|Any CPU.Build.0 = Debug|Any CPU
		{4B3CFF19-2656-47AA-97E5-3A520BCD2A7C}.Release|Any CPU.ActiveCfg = Release|Any CPU
		{4B3CFF19-2656-47AA-97E5-3A520BCD2A7C}.Release|Any CPU.Build.0 = Release|Any CPU
		{33BFFF45-6FD1-4EB5-A5B4-8D78621ED7A5}.Debug|Any CPU.ActiveCfg = Debug|Any CPU
		{33BFFF45-6FD1-4EB5-A5B4-8D78621ED7A5}.Debug|Any CPU.Build.0 = Debug|Any CPU
		{33BFFF45-6FD1-4EB5-A5B4-8D78621ED7A5}.Release|Any CPU.ActiveCfg = Release|Any CPU
		{33BFFF45-6FD1-4EB5-A5B4-8D78621ED7A5}.Release|Any CPU.Build.0 = Release|Any CPU
		{094FEF4A-3460-4EFA-9114-D6990B26DFBD}.Debug|Any CPU.ActiveCfg = Debug|Any CPU
		{094FEF4A-3460-4EFA-9114-D6990B26DFBD}.Debug|Any CPU.Build.0 = Debug|Any CPU
		{094FEF4A-3460-4EFA-9114-D6990B26DFBD}.Release|Any CPU.ActiveCfg = Release|Any CPU
		{094FEF4A-3460-4EFA-9114-D6990B26DFBD}.Release|Any CPU.Build.0 = Release|Any CPU
		{C248FB28-D05C-470E-982E-EB89C8BFF8F3}.Debug|Any CPU.ActiveCfg = Debug|Any CPU
		{C248FB28-D05C-470E-982E-EB89C8BFF8F3}.Debug|Any CPU.Build.0 = Debug|Any CPU
		{C248FB28-D05C-470E-982E-EB89C8BFF8F3}.Release|Any CPU.ActiveCfg = Release|Any CPU
		{C248FB28-D05C-470E-982E-EB89C8BFF8F3}.Release|Any CPU.Build.0 = Release|Any CPU
		{3F0EEA2E-6B0E-4E26-BAAB-A012AEBEEE3C}.Debug|Any CPU.ActiveCfg = Debug|Any CPU
		{3F0EEA2E-6B0E-4E26-BAAB-A012AEBEEE3C}.Debug|Any CPU.Build.0 = Debug|Any CPU
		{3F0EEA2E-6B0E-4E26-BAAB-A012AEBEEE3C}.Release|Any CPU.ActiveCfg = Release|Any CPU
		{3F0EEA2E-6B0E-4E26-BAAB-A012AEBEEE3C}.Release|Any CPU.Build.0 = Release|Any CPU
		{BB3D63C3-6376-4CD7-B7C1-D028EB8A7CB6}.Debug|Any CPU.ActiveCfg = Debug|Any CPU
		{BB3D63C3-6376-4CD7-B7C1-D028EB8A7CB6}.Debug|Any CPU.Build.0 = Debug|Any CPU
		{BB3D63C3-6376-4CD7-B7C1-D028EB8A7CB6}.Release|Any CPU.ActiveCfg = Release|Any CPU
		{BB3D63C3-6376-4CD7-B7C1-D028EB8A7CB6}.Release|Any CPU.Build.0 = Release|Any CPU
		{D7A5C564-2847-44B9-8066-B57AF2151682}.Debug|Any CPU.ActiveCfg = Debug|Any CPU
		{D7A5C564-2847-44B9-8066-B57AF2151682}.Debug|Any CPU.Build.0 = Debug|Any CPU
		{D7A5C564-2847-44B9-8066-B57AF2151682}.Release|Any CPU.ActiveCfg = Release|Any CPU
		{D7A5C564-2847-44B9-8066-B57AF2151682}.Release|Any CPU.Build.0 = Release|Any CPU
		{42F4C394-35BD-4A76-8C91-9054E665FB99}.Debug|Any CPU.ActiveCfg = Debug|Any CPU
		{42F4C394-35BD-4A76-8C91-9054E665FB99}.Debug|Any CPU.Build.0 = Debug|Any CPU
		{42F4C394-35BD-4A76-8C91-9054E665FB99}.Release|Any CPU.ActiveCfg = Release|Any CPU
		{42F4C394-35BD-4A76-8C91-9054E665FB99}.Release|Any CPU.Build.0 = Release|Any CPU
		{CB41C676-77FF-45D6-9AF8-FBD3A4BD5D29}.Debug|Any CPU.ActiveCfg = Debug|Any CPU
		{CB41C676-77FF-45D6-9AF8-FBD3A4BD5D29}.Debug|Any CPU.Build.0 = Debug|Any CPU
		{CB41C676-77FF-45D6-9AF8-FBD3A4BD5D29}.Release|Any CPU.ActiveCfg = Release|Any CPU
		{CB41C676-77FF-45D6-9AF8-FBD3A4BD5D29}.Release|Any CPU.Build.0 = Release|Any CPU
		{7B9EA1BC-A55F-41FB-AA06-F928F5D1E40F}.Debug|Any CPU.ActiveCfg = Debug|Any CPU
		{7B9EA1BC-A55F-41FB-AA06-F928F5D1E40F}.Debug|Any CPU.Build.0 = Debug|Any CPU
		{7B9EA1BC-A55F-41FB-AA06-F928F5D1E40F}.Release|Any CPU.ActiveCfg = Release|Any CPU
		{7B9EA1BC-A55F-41FB-AA06-F928F5D1E40F}.Release|Any CPU.Build.0 = Release|Any CPU
		{A09E8D6A-535E-4C0D-848A-21AF7578A0AC}.Debug|Any CPU.ActiveCfg = Debug|Any CPU
		{A09E8D6A-535E-4C0D-848A-21AF7578A0AC}.Debug|Any CPU.Build.0 = Debug|Any CPU
		{A09E8D6A-535E-4C0D-848A-21AF7578A0AC}.Release|Any CPU.ActiveCfg = Release|Any CPU
		{A09E8D6A-535E-4C0D-848A-21AF7578A0AC}.Release|Any CPU.Build.0 = Release|Any CPU
		{9842DDC5-E2AB-4F30-BC86-3F1F1D454C07}.Debug|Any CPU.ActiveCfg = Debug|Any CPU
		{9842DDC5-E2AB-4F30-BC86-3F1F1D454C07}.Debug|Any CPU.Build.0 = Debug|Any CPU
		{9842DDC5-E2AB-4F30-BC86-3F1F1D454C07}.Release|Any CPU.ActiveCfg = Release|Any CPU
		{9842DDC5-E2AB-4F30-BC86-3F1F1D454C07}.Release|Any CPU.Build.0 = Release|Any CPU
		{0498DEDC-89B8-4C62-826C-C5097FAAE8D7}.Debug|Any CPU.ActiveCfg = Debug|Any CPU
		{0498DEDC-89B8-4C62-826C-C5097FAAE8D7}.Debug|Any CPU.Build.0 = Debug|Any CPU
		{0498DEDC-89B8-4C62-826C-C5097FAAE8D7}.Release|Any CPU.ActiveCfg = Release|Any CPU
		{0498DEDC-89B8-4C62-826C-C5097FAAE8D7}.Release|Any CPU.Build.0 = Release|Any CPU
		{7446EEF4-3E76-4326-A038-197AFB5CCCD0}.Debug|Any CPU.ActiveCfg = Debug|Any CPU
		{7446EEF4-3E76-4326-A038-197AFB5CCCD0}.Debug|Any CPU.Build.0 = Debug|Any CPU
		{7446EEF4-3E76-4326-A038-197AFB5CCCD0}.Release|Any CPU.ActiveCfg = Release|Any CPU
		{7446EEF4-3E76-4326-A038-197AFB5CCCD0}.Release|Any CPU.Build.0 = Release|Any CPU
		{60952F5A-4E76-4F62-BEB4-C48C34830B87}.Debug|Any CPU.ActiveCfg = Debug|Any CPU
		{60952F5A-4E76-4F62-BEB4-C48C34830B87}.Debug|Any CPU.Build.0 = Debug|Any CPU
		{60952F5A-4E76-4F62-BEB4-C48C34830B87}.Release|Any CPU.ActiveCfg = Release|Any CPU
		{60952F5A-4E76-4F62-BEB4-C48C34830B87}.Release|Any CPU.Build.0 = Release|Any CPU
		{C940327D-C7BB-4683-B5B3-5206B2773974}.Debug|Any CPU.ActiveCfg = Debug|Any CPU
		{C940327D-C7BB-4683-B5B3-5206B2773974}.Debug|Any CPU.Build.0 = Debug|Any CPU
		{C940327D-C7BB-4683-B5B3-5206B2773974}.Release|Any CPU.ActiveCfg = Release|Any CPU
		{C940327D-C7BB-4683-B5B3-5206B2773974}.Release|Any CPU.Build.0 = Release|Any CPU
	EndGlobalSection
	GlobalSection(SolutionProperties) = preSolution
		HideSolutionNode = FALSE
	EndGlobalSection
	GlobalSection(ExtensibilityGlobals) = postSolution
		SolutionGuid = {06767AA3-0136-485E-9291-65ED87082F30}
	EndGlobalSection
EndGlobal
