
Microsoft Visual Studio Solution File, Format Version 12.00
# Visual Studio Version 17
VisualStudioVersion = 17.14.36414.22 d17.14
MinimumVisualStudioVersion = 10.0.40219.1
Project("{FAE04EC0-301F-11D3-BF4B-00C04F79EFBC}") = "EntityFramework_Introduction_excercises", "EntityFramework_Introduction_excercises\EntityFramework_Introduction_excercises.csproj", "{38029E43-48F9-42D3-B5C4-1E74D8730A8F}"
EndProject
Global
	GlobalSection(SolutionConfigurationPlatforms) = preSolution
		Debug|Any CPU = Debug|Any CPU
		Release|Any CPU = Release|Any CPU
	EndGlobalSection
	GlobalSection(ProjectConfigurationPlatforms) = postSolution
		{38029E43-48F9-42D3-B5C4-1E74D8730A8F}.Debug|Any CPU.ActiveCfg = Debug|Any CPU
		{38029E43-48F9-42D3-B5C4-1E74D8730A8F}.Debug|Any CPU.Build.0 = Debug|Any CPU
		{38029E43-48F9-42D3-B5C4-1E74D8730A8F}.Release|Any CPU.ActiveCfg = Release|Any CPU
		{38029E43-48F9-42D3-B5C4-1E74D8730A8F}.Release|Any CPU.Build.0 = Release|Any CPU
	EndGlobalSection
	GlobalSection(SolutionProperties) = preSolution
		HideSolutionNode = FALSE
	EndGlobalSection
	GlobalSection(ExtensibilityGlobals) = postSolution
		SolutionGuid = {245D0368-F5C5-4F5C-8983-941AE6A237B0}
	EndGlobalSection
EndGlobal
