
Microsoft Visual Studio Solution File, Format Version 12.00
# Visual Studio Version 17
VisualStudioVersion = 17.11.35219.272
MinimumVisualStudioVersion = 10.0.40219.1
Project("{9A19103F-16F7-4668-BE54-9A1E7A4F7556}") = "01_Ages", "01_Student Information\01_Ages.csproj", "{D298D526-5DA6-443E-A96C-BC492430840C}"
EndProject
Project("{9A19103F-16F7-4668-BE54-9A1E7A4F7556}") = "02.Divison", "02.Divison\02.Divison.csproj", "{DFEE9E1B-F1AD-4292-96F6-D054FC05C1FD}"
EndProject
Project("{9A19103F-16F7-4668-BE54-9A1E7A4F7556}") = "03.Vacation", "03.Vacation\03.Vacation.csproj", "{1EC8C3BA-E133-4CB3-AFF3-39EC5DB61E7D}"
EndProject
Project("{9A19103F-16F7-4668-BE54-9A1E7A4F7556}") = "04.PrintAndSum", "04.PrintAndSum\04.PrintAndSum.csproj", "{28AD4ECD-7EC9-4E8A-8B54-DEA9ADB23293}"
EndProject
Project("{9A19103F-16F7-4668-BE54-9A1E7A4F7556}") = "05.Login", "05.Login\05.Login.csproj", "{25158456-A11A-4515-A953-A63A05E36749}"
EndProject
Project("{9A19103F-16F7-4668-BE54-9A1E7A4F7556}") = "05.LoginV2", "05.LoginV2\05.LoginV2.csproj", "{3EF41D42-D94E-4C23-A7F7-B1E97A1A71F3}"
EndProject
Project("{9A19103F-16F7-4668-BE54-9A1E7A4F7556}") = "06.StrongNumber", "06.StrongNumber\06.StrongNumber.csproj", "{AA875CB6-0BD5-4453-AFFF-D67EC32535E7}"
EndProject
Project("{9A19103F-16F7-4668-BE54-9A1E7A4F7556}") = "07.VendingMachine", "07.VendingMachine\07.VendingMachine.csproj", "{ED238116-1A1D-48D3-8235-5294B0CE92BA}"
EndProject
Project("{9A19103F-16F7-4668-BE54-9A1E7A4F7556}") = "08.TriangleOfNumbers", "08.TriangleOfNumbers\08.TriangleOfNumbers.csproj", "{D1134D37-0EEA-48C8-A982-9DBBB005A852}"
EndProject
Project("{9A19103F-16F7-4668-BE54-9A1E7A4F7556}") = "09.PadawanEquipment", "09.PadawanEquipment\09.PadawanEquipment.csproj", "{D68E1685-43F9-412B-BE71-43ACA1B86395}"
EndProject
Project("{9A19103F-16F7-4668-BE54-9A1E7A4F7556}") = "DataTypeFinder", "DataTypeFinder\DataTypeFinder.csproj", "{A576623C-E52B-49D2-A0B9-C78BB940C052}"
EndProject
Project("{9A19103F-16F7-4668-BE54-9A1E7A4F7556}") = "FromLeftТoТheRight", "FromLeftТoТheRight\FromLeftТoТheRight.csproj", "{AED1A6AE-F4F2-4358-9EE9-580B0F5DB146}"
EndProject
Project("{9A19103F-16F7-4668-BE54-9A1E7A4F7556}") = "FloatingEquality", "FloatingEquality\FloatingEquality.csproj", "{2FE6E8E3-3064-4F9A-A290-687687E54799}"
EndProject
Project("{9A19103F-16F7-4668-BE54-9A1E7A4F7556}") = "RefactoringPrimeChecker", "RefactoringPrimeChecker\RefactoringPrimeChecker.csproj", "{7B39F4D4-2DFA-44B6-A8E5-ED84DD15532C}"
EndProject
Project("{9A19103F-16F7-4668-BE54-9A1E7A4F7556}") = "DecryptingMessages", "DecryptingMessages\DecryptingMessages.csproj", "{2AC3447E-2179-4B65-96B1-A5EEB9758B4A}"
EndProject
Project("{9A19103F-16F7-4668-BE54-9A1E7A4F7556}") = "BalancedBrackets", "BalancedBrackets\BalancedBrackets.csproj", "{0C370888-148F-479E-A783-D316B7D61A3C}"
EndProject
Project("{9A19103F-16F7-4668-BE54-9A1E7A4F7556}") = "DayOfWeek", "DayOfWeek\DayOfWeek.csproj", "{B94BFA95-B330-42A9-9B1D-5A17AFD982D0}"
EndProject
Project("{9A19103F-16F7-4668-BE54-9A1E7A4F7556}") = "PrintNumbersInReverseOrder", "PrintNumbersInReverseOrder\PrintNumbersInReverseOrder.csproj", "{FA2BC5F0-A21B-4D91-A6B3-C84896216C62}"
EndProject
Project("{9A19103F-16F7-4668-BE54-9A1E7A4F7556}") = "RoundingNumbers", "RoundingNumbers\RoundingNumbers.csproj", "{D785ED82-B857-4770-8DC9-3175B3214005}"
EndProject
Project("{9A19103F-16F7-4668-BE54-9A1E7A4F7556}") = "ReverseArrayOfStrings", "ReverseArrayOfStrings\ReverseArrayOfStrings.csproj", "{925DE97B-B74D-4EE4-8350-6C845C455B3A}"
EndProject
Project("{9A19103F-16F7-4668-BE54-9A1E7A4F7556}") = "ReverseArrayOfStringsV2", "ReverseArrayOfStringsV2\ReverseArrayOfStringsV2.csproj", "{83E2224C-FF28-4A2C-B42D-2462ABF14827}"
EndProject
Project("{9A19103F-16F7-4668-BE54-9A1E7A4F7556}") = "ReverseArrayOfStringsV3", "ReverseArrayOfStringsV3\ReverseArrayOfStringsV3.csproj", "{89D660E0-BE26-4580-A7D4-CA026A6E37F7}"
EndProject
Project("{9A19103F-16F7-4668-BE54-9A1E7A4F7556}") = "SumEvenNumbers", "SumEvenNumbers\SumEvenNumbers.csproj", "{9FCBAD6F-D94D-4E39-8C71-95BF3ED1CCEC}"
EndProject
Project("{9A19103F-16F7-4668-BE54-9A1E7A4F7556}") = "EvenAndOddSubtraction", "EvenAndOddSubtraction\EvenAndOddSubtraction.csproj", "{FE3EE13B-5757-442C-B862-DC80E394FFFD}"
EndProject
Project("{9A19103F-16F7-4668-BE54-9A1E7A4F7556}") = "EqualArrays", "EqualArrays\EqualArrays.csproj", "{4184414F-7482-4037-86C6-E80F689A826F}"
EndProject
Project("{9A19103F-16F7-4668-BE54-9A1E7A4F7556}") = "CondenseArrayToNumber", "CondenseArrayToNumber\CondenseArrayToNumber.csproj", "{A9D26425-2EEF-43E4-9267-D00440E3EC5B}"
EndProject
Project("{9A19103F-16F7-4668-BE54-9A1E7A4F7556}") = "Train", "Train\Train.csproj", "{2F31F379-8626-499D-B305-842B59FFCFA8}"
EndProject
Project("{9A19103F-16F7-4668-BE54-9A1E7A4F7556}") = "CommonElements", "CommonElements\CommonElements.csproj", "{C3D29681-98BE-479F-8DFD-EBF0FD9EA6C6}"
EndProject
Project("{9A19103F-16F7-4668-BE54-9A1E7A4F7556}") = "ZigZagArrays", "ZigZagArrays\ZigZagArrays.csproj", "{EDDCE7DF-876C-472C-AF50-AEA5AD4ECE94}"
EndProject
Project("{9A19103F-16F7-4668-BE54-9A1E7A4F7556}") = "ArrayRotation", "ArrayRotation\ArrayRotation.csproj", "{29F19688-B20E-44ED-A73B-7BDB14C287E6}"
EndProject
Project("{9A19103F-16F7-4668-BE54-9A1E7A4F7556}") = "TopIntegers", "TopIntegers\TopIntegers.csproj", "{1F4C3130-E61F-4CA6-A686-348807EED6F8}"
EndProject
Project("{9A19103F-16F7-4668-BE54-9A1E7A4F7556}") = "EqualSum", "EqualSum\EqualSum.csproj", "{03A58222-E397-4003-9093-0967555D9F01}"
EndProject
Project("{9A19103F-16F7-4668-BE54-9A1E7A4F7556}") = "MaxSequenceOfEqualElements", "MaxSequenceOfEqualElements\MaxSequenceOfEqualElements.csproj", "{59FF90C2-4135-4E19-8687-02DEB8307064}"
EndProject
Project("{9A19103F-16F7-4668-BE54-9A1E7A4F7556}") = "MagicSum", "MagicSum\MagicSum.csproj", "{15A04733-2936-4A10-9D04-11A1C062F4F9}"
EndProject
Project("{9A19103F-16F7-4668-BE54-9A1E7A4F7556}") = "Kamino Factory", "Kamino Factory\Kamino Factory.csproj", "{E65C4BA9-32BE-4EB0-82C4-845D68E3144C}"
EndProject
Project("{9A19103F-16F7-4668-BE54-9A1E7A4F7556}") = "LadyBugs", "LadyBugs\LadyBugs.csproj", "{402B2994-ABC3-49B0-991A-E8E97C4A0CFF}"
EndProject
Project("{9A19103F-16F7-4668-BE54-9A1E7A4F7556}") = "SmallestOfThreeNumbers", "SmallestOfThreeNumbers\SmallestOfThreeNumbers.csproj", "{85955A4E-4C86-4DC0-A61A-3846E1AFFB03}"
EndProject
Project("{9A19103F-16F7-4668-BE54-9A1E7A4F7556}") = "VowelsCount", "VowelsCount\VowelsCount.csproj", "{8A254906-B76C-4BA9-8D08-FBE5836EDD79}"
EndProject
Project("{9A19103F-16F7-4668-BE54-9A1E7A4F7556}") = "CharactersInRange", "CharactersInRange\CharactersInRange.csproj", "{C06782B1-6E12-4D72-B8F8-CE013B1D1065}"
EndProject
Project("{9A19103F-16F7-4668-BE54-9A1E7A4F7556}") = "CharactersInRangeV2", "CharactersInRangeV2\CharactersInRangeV2.csproj", "{CDDC78B8-4EF2-4F67-BF4D-7B967145E5FE}"
EndProject
Project("{9A19103F-16F7-4668-BE54-9A1E7A4F7556}") = "PasswordValidator", "PasswordValidator\PasswordValidator.csproj", "{FC44E9C7-41A1-402C-BCBE-55246303F943}"
EndProject
Project("{9A19103F-16F7-4668-BE54-9A1E7A4F7556}") = "AddAndSubtract", "AddAndSubtract\AddAndSubtract.csproj", "{8B2BC060-A784-4679-9540-6A36AEB6A017}"
EndProject
Project("{9A19103F-16F7-4668-BE54-9A1E7A4F7556}") = "MiddleCharacters", "MiddleCharacters\MiddleCharacters.csproj", "{9ACA8273-2638-4574-93A4-8D36BB1837EF}"
EndProject
Project("{9A19103F-16F7-4668-BE54-9A1E7A4F7556}") = "NxNMatrix", "NxNMatrix\NxNMatrix.csproj", "{1627E7DC-9A54-402A-AB9C-AC925F179104}"
EndProject
Project("{9A19103F-16F7-4668-BE54-9A1E7A4F7556}") = "FactorialDivision", "FactorialDivision\FactorialDivision.csproj", "{5A71212C-79F1-44C3-9D30-BF410D094F3A}"
EndProject
Project("{9A19103F-16F7-4668-BE54-9A1E7A4F7556}") = "PalindromeIntegers", "PalindromeIntegers\PalindromeIntegers.csproj", "{12454710-6916-4DC4-9B24-974477545507}"
EndProject
Project("{9A19103F-16F7-4668-BE54-9A1E7A4F7556}") = "TopNumber", "TopNumber\TopNumber.csproj", "{C4592DCA-AE38-40D3-AC3B-20BB8CDFA758}"
EndProject
Project("{9A19103F-16F7-4668-BE54-9A1E7A4F7556}") = "ArrayManipulator", "ArrayManipulator\ArrayManipulator.csproj", "{4F920347-7142-4B84-8FAF-5FACFEC87114}"
EndProject
Project("{9A19103F-16F7-4668-BE54-9A1E7A4F7556}") = "SumAdjacentEqualNumbers", "SumAdjacentEqualNumbers\SumAdjacentEqualNumbers.csproj", "{82901A75-31D7-4901-84A1-E099CA255950}"
EndProject
Project("{9A19103F-16F7-4668-BE54-9A1E7A4F7556}") = "GaussTrick", "GaussTrick\GaussTrick.csproj", "{7AB6C9B1-E0EC-426A-B0EB-E39792FED1EA}"
EndProject
Project("{9A19103F-16F7-4668-BE54-9A1E7A4F7556}") = "MergingLists", "MergingLists\MergingLists.csproj", "{ACB280CB-85E6-4265-8209-FEC592A94A3A}"
EndProject
Project("{9A19103F-16F7-4668-BE54-9A1E7A4F7556}") = "ListOfProducts", "ListOfProducts\ListOfProducts.csproj", "{49093ACD-8032-44F3-9F6F-CDAAAF86ABD4}"
EndProject
Project("{9A19103F-16F7-4668-BE54-9A1E7A4F7556}") = "RemoveNegativesAndReverse", "RemoveNegativesAndReverse\RemoveNegativesAndReverse.csproj", "{C403EB9B-CAB6-4C01-8575-1A7E1258465B}"
EndProject
Project("{9A19103F-16F7-4668-BE54-9A1E7A4F7556}") = "ListManipulationBasics", "ListManipulationBasics\ListManipulationBasics.csproj", "{10BBD809-BC71-411C-B3CA-1188B8BDE8BE}"
EndProject
Project("{9A19103F-16F7-4668-BE54-9A1E7A4F7556}") = "ListManipulationAdvanced", "ListManipulationAdvanced\ListManipulationAdvanced.csproj", "{6EF76FC3-F0D6-4770-8F8F-51A3E726684C}"
EndProject
Project("{9A19103F-16F7-4668-BE54-9A1E7A4F7556}") = "PascalTriangle", "PascalTriangle\PascalTriangle.csproj", "{9249926D-68ED-467A-AA05-E42EA756D4C2}"
EndProject
Project("{9A19103F-16F7-4668-BE54-9A1E7A4F7556}") = "TrainList", "TrainList\TrainList.csproj", "{00A348E5-C4F3-40ED-98A2-4C6D3385E5B4}"
EndProject
Project("{9A19103F-16F7-4668-BE54-9A1E7A4F7556}") = "ChangeList", "ChangeList\ChangeList.csproj", "{6384536A-FA70-43F1-BE47-3E978979D063}"
EndProject
Project("{9A19103F-16F7-4668-BE54-9A1E7A4F7556}") = "HouseParty", "HouseParty\HouseParty.csproj", "{FD7EDFB7-20F5-4395-BE7E-DCC95278B374}"
EndProject
Project("{9A19103F-16F7-4668-BE54-9A1E7A4F7556}") = "ListOperations", "ListOperations\ListOperations.csproj", "{3DE9E677-9B8A-4248-84F9-F398A074B2ED}"
EndProject
Project("{9A19103F-16F7-4668-BE54-9A1E7A4F7556}") = "BombNumbers", "BombNumbers\BombNumbers.csproj", "{4CD8857C-55A9-4DA1-8F66-A0393A7703C2}"
EndProject
Project("{9A19103F-16F7-4668-BE54-9A1E7A4F7556}") = "CardsGame", "CardsGame\CardsGame.csproj", "{E5C37560-BFE4-4B7E-A3C1-9C0E9C27124A}"
EndProject
Project("{9A19103F-16F7-4668-BE54-9A1E7A4F7556}") = "AnonymousThreat", "AnonymousThreat\AnonymousThreat.csproj", "{D23A4CE6-497E-42CC-8DAA-B56DE1B92FBA}"
EndProject
Project("{9A19103F-16F7-4668-BE54-9A1E7A4F7556}") = "PokemonDoNotGo", "PokemonDoNotGo\PokemonDoNotGo.csproj", "{4D762C74-BD9A-4B69-A2A3-14344C723C19}"
EndProject
Project("{9A19103F-16F7-4668-BE54-9A1E7A4F7556}") = "SoftUniCoursePlanning", "SoftUniCoursePlanning\SoftUniCoursePlanning.csproj", "{B79D1D43-0385-41D2-B0F1-85E1E1E42B2F}"
EndProject
Project("{9A19103F-16F7-4668-BE54-9A1E7A4F7556}") = "ComputerStore", "ComputerStore\ComputerStore.csproj", "{F8ED99F7-B419-46CE-963E-8D8C161E5400}"
EndProject
Project("{9A19103F-16F7-4668-BE54-9A1E7A4F7556}") = "MemoryGame", "MemoryGame\MemoryGame.csproj", "{26C11F9C-9871-49D0-9AB5-ABD929A49172}"
EndProject
Project("{FAE04EC0-301F-11D3-BF4B-00C04F79EFBC}") = "ShoppingList", "ShoppingList\ShoppingList.csproj", "{655C663B-F924-4818-9379-09E6F4BCF3BE}"
EndProject
Project("{FAE04EC0-301F-11D3-BF4B-00C04F79EFBC}") = "CounterStrike", "CounterStrike\CounterStrike.csproj", "{C511BB7C-0F76-45CB-AC05-293D1A2C195B}"
EndProject
Global
	GlobalSection(SolutionConfigurationPlatforms) = preSolution
		Debug|Any CPU = Debug|Any CPU
		Release|Any CPU = Release|Any CPU
	EndGlobalSection
	GlobalSection(ProjectConfigurationPlatforms) = postSolution
		{D298D526-5DA6-443E-A96C-BC492430840C}.Debug|Any CPU.ActiveCfg = Debug|Any CPU
		{D298D526-5DA6-443E-A96C-BC492430840C}.Debug|Any CPU.Build.0 = Debug|Any CPU
		{D298D526-5DA6-443E-A96C-BC492430840C}.Release|Any CPU.ActiveCfg = Release|Any CPU
		{D298D526-5DA6-443E-A96C-BC492430840C}.Release|Any CPU.Build.0 = Release|Any CPU
		{DFEE9E1B-F1AD-4292-96F6-D054FC05C1FD}.Debug|Any CPU.ActiveCfg = Debug|Any CPU
		{DFEE9E1B-F1AD-4292-96F6-D054FC05C1FD}.Debug|Any CPU.Build.0 = Debug|Any CPU
		{DFEE9E1B-F1AD-4292-96F6-D054FC05C1FD}.Release|Any CPU.ActiveCfg = Release|Any CPU
		{DFEE9E1B-F1AD-4292-96F6-D054FC05C1FD}.Release|Any CPU.Build.0 = Release|Any CPU
		{1EC8C3BA-E133-4CB3-AFF3-39EC5DB61E7D}.Debug|Any CPU.ActiveCfg = Debug|Any CPU
		{1EC8C3BA-E133-4CB3-AFF3-39EC5DB61E7D}.Debug|Any CPU.Build.0 = Debug|Any CPU
		{1EC8C3BA-E133-4CB3-AFF3-39EC5DB61E7D}.Release|Any CPU.ActiveCfg = Release|Any CPU
		{1EC8C3BA-E133-4CB3-AFF3-39EC5DB61E7D}.Release|Any CPU.Build.0 = Release|Any CPU
		{28AD4ECD-7EC9-4E8A-8B54-DEA9ADB23293}.Debug|Any CPU.ActiveCfg = Debug|Any CPU
		{28AD4ECD-7EC9-4E8A-8B54-DEA9ADB23293}.Debug|Any CPU.Build.0 = Debug|Any CPU
		{28AD4ECD-7EC9-4E8A-8B54-DEA9ADB23293}.Release|Any CPU.ActiveCfg = Release|Any CPU
		{28AD4ECD-7EC9-4E8A-8B54-DEA9ADB23293}.Release|Any CPU.Build.0 = Release|Any CPU
		{25158456-A11A-4515-A953-A63A05E36749}.Debug|Any CPU.ActiveCfg = Debug|Any CPU
		{25158456-A11A-4515-A953-A63A05E36749}.Debug|Any CPU.Build.0 = Debug|Any CPU
		{25158456-A11A-4515-A953-A63A05E36749}.Release|Any CPU.ActiveCfg = Release|Any CPU
		{25158456-A11A-4515-A953-A63A05E36749}.Release|Any CPU.Build.0 = Release|Any CPU
		{3EF41D42-D94E-4C23-A7F7-B1E97A1A71F3}.Debug|Any CPU.ActiveCfg = Debug|Any CPU
		{3EF41D42-D94E-4C23-A7F7-B1E97A1A71F3}.Debug|Any CPU.Build.0 = Debug|Any CPU
		{3EF41D42-D94E-4C23-A7F7-B1E97A1A71F3}.Release|Any CPU.ActiveCfg = Release|Any CPU
		{3EF41D42-D94E-4C23-A7F7-B1E97A1A71F3}.Release|Any CPU.Build.0 = Release|Any CPU
		{AA875CB6-0BD5-4453-AFFF-D67EC32535E7}.Debug|Any CPU.ActiveCfg = Debug|Any CPU
		{AA875CB6-0BD5-4453-AFFF-D67EC32535E7}.Debug|Any CPU.Build.0 = Debug|Any CPU
		{AA875CB6-0BD5-4453-AFFF-D67EC32535E7}.Release|Any CPU.ActiveCfg = Release|Any CPU
		{AA875CB6-0BD5-4453-AFFF-D67EC32535E7}.Release|Any CPU.Build.0 = Release|Any CPU
		{ED238116-1A1D-48D3-8235-5294B0CE92BA}.Debug|Any CPU.ActiveCfg = Debug|Any CPU
		{ED238116-1A1D-48D3-8235-5294B0CE92BA}.Debug|Any CPU.Build.0 = Debug|Any CPU
		{ED238116-1A1D-48D3-8235-5294B0CE92BA}.Release|Any CPU.ActiveCfg = Release|Any CPU
		{ED238116-1A1D-48D3-8235-5294B0CE92BA}.Release|Any CPU.Build.0 = Release|Any CPU
		{D1134D37-0EEA-48C8-A982-9DBBB005A852}.Debug|Any CPU.ActiveCfg = Debug|Any CPU
		{D1134D37-0EEA-48C8-A982-9DBBB005A852}.Debug|Any CPU.Build.0 = Debug|Any CPU
		{D1134D37-0EEA-48C8-A982-9DBBB005A852}.Release|Any CPU.ActiveCfg = Release|Any CPU
		{D1134D37-0EEA-48C8-A982-9DBBB005A852}.Release|Any CPU.Build.0 = Release|Any CPU
		{D68E1685-43F9-412B-BE71-43ACA1B86395}.Debug|Any CPU.ActiveCfg = Debug|Any CPU
		{D68E1685-43F9-412B-BE71-43ACA1B86395}.Debug|Any CPU.Build.0 = Debug|Any CPU
		{D68E1685-43F9-412B-BE71-43ACA1B86395}.Release|Any CPU.ActiveCfg = Release|Any CPU
		{D68E1685-43F9-412B-BE71-43ACA1B86395}.Release|Any CPU.Build.0 = Release|Any CPU
		{A576623C-E52B-49D2-A0B9-C78BB940C052}.Debug|Any CPU.ActiveCfg = Debug|Any CPU
		{A576623C-E52B-49D2-A0B9-C78BB940C052}.Debug|Any CPU.Build.0 = Debug|Any CPU
		{A576623C-E52B-49D2-A0B9-C78BB940C052}.Release|Any CPU.ActiveCfg = Release|Any CPU
		{A576623C-E52B-49D2-A0B9-C78BB940C052}.Release|Any CPU.Build.0 = Release|Any CPU
		{AED1A6AE-F4F2-4358-9EE9-580B0F5DB146}.Debug|Any CPU.ActiveCfg = Debug|Any CPU
		{AED1A6AE-F4F2-4358-9EE9-580B0F5DB146}.Debug|Any CPU.Build.0 = Debug|Any CPU
		{AED1A6AE-F4F2-4358-9EE9-580B0F5DB146}.Release|Any CPU.ActiveCfg = Release|Any CPU
		{AED1A6AE-F4F2-4358-9EE9-580B0F5DB146}.Release|Any CPU.Build.0 = Release|Any CPU
		{2FE6E8E3-3064-4F9A-A290-687687E54799}.Debug|Any CPU.ActiveCfg = Debug|Any CPU
		{2FE6E8E3-3064-4F9A-A290-687687E54799}.Debug|Any CPU.Build.0 = Debug|Any CPU
		{2FE6E8E3-3064-4F9A-A290-687687E54799}.Release|Any CPU.ActiveCfg = Release|Any CPU
		{2FE6E8E3-3064-4F9A-A290-687687E54799}.Release|Any CPU.Build.0 = Release|Any CPU
		{7B39F4D4-2DFA-44B6-A8E5-ED84DD15532C}.Debug|Any CPU.ActiveCfg = Debug|Any CPU
		{7B39F4D4-2DFA-44B6-A8E5-ED84DD15532C}.Debug|Any CPU.Build.0 = Debug|Any CPU
		{7B39F4D4-2DFA-44B6-A8E5-ED84DD15532C}.Release|Any CPU.ActiveCfg = Release|Any CPU
		{7B39F4D4-2DFA-44B6-A8E5-ED84DD15532C}.Release|Any CPU.Build.0 = Release|Any CPU
		{2AC3447E-2179-4B65-96B1-A5EEB9758B4A}.Debug|Any CPU.ActiveCfg = Debug|Any CPU
		{2AC3447E-2179-4B65-96B1-A5EEB9758B4A}.Debug|Any CPU.Build.0 = Debug|Any CPU
		{2AC3447E-2179-4B65-96B1-A5EEB9758B4A}.Release|Any CPU.ActiveCfg = Release|Any CPU
		{2AC3447E-2179-4B65-96B1-A5EEB9758B4A}.Release|Any CPU.Build.0 = Release|Any CPU
		{0C370888-148F-479E-A783-D316B7D61A3C}.Debug|Any CPU.ActiveCfg = Debug|Any CPU
		{0C370888-148F-479E-A783-D316B7D61A3C}.Debug|Any CPU.Build.0 = Debug|Any CPU
		{0C370888-148F-479E-A783-D316B7D61A3C}.Release|Any CPU.ActiveCfg = Release|Any CPU
		{0C370888-148F-479E-A783-D316B7D61A3C}.Release|Any CPU.Build.0 = Release|Any CPU
		{B94BFA95-B330-42A9-9B1D-5A17AFD982D0}.Debug|Any CPU.ActiveCfg = Debug|Any CPU
		{B94BFA95-B330-42A9-9B1D-5A17AFD982D0}.Debug|Any CPU.Build.0 = Debug|Any CPU
		{B94BFA95-B330-42A9-9B1D-5A17AFD982D0}.Release|Any CPU.ActiveCfg = Release|Any CPU
		{B94BFA95-B330-42A9-9B1D-5A17AFD982D0}.Release|Any CPU.Build.0 = Release|Any CPU
		{FA2BC5F0-A21B-4D91-A6B3-C84896216C62}.Debug|Any CPU.ActiveCfg = Debug|Any CPU
		{FA2BC5F0-A21B-4D91-A6B3-C84896216C62}.Debug|Any CPU.Build.0 = Debug|Any CPU
		{FA2BC5F0-A21B-4D91-A6B3-C84896216C62}.Release|Any CPU.ActiveCfg = Release|Any CPU
		{FA2BC5F0-A21B-4D91-A6B3-C84896216C62}.Release|Any CPU.Build.0 = Release|Any CPU
		{D785ED82-B857-4770-8DC9-3175B3214005}.Debug|Any CPU.ActiveCfg = Debug|Any CPU
		{D785ED82-B857-4770-8DC9-3175B3214005}.Debug|Any CPU.Build.0 = Debug|Any CPU
		{D785ED82-B857-4770-8DC9-3175B3214005}.Release|Any CPU.ActiveCfg = Release|Any CPU
		{D785ED82-B857-4770-8DC9-3175B3214005}.Release|Any CPU.Build.0 = Release|Any CPU
		{925DE97B-B74D-4EE4-8350-6C845C455B3A}.Debug|Any CPU.ActiveCfg = Debug|Any CPU
		{925DE97B-B74D-4EE4-8350-6C845C455B3A}.Debug|Any CPU.Build.0 = Debug|Any CPU
		{925DE97B-B74D-4EE4-8350-6C845C455B3A}.Release|Any CPU.ActiveCfg = Release|Any CPU
		{925DE97B-B74D-4EE4-8350-6C845C455B3A}.Release|Any CPU.Build.0 = Release|Any CPU
		{83E2224C-FF28-4A2C-B42D-2462ABF14827}.Debug|Any CPU.ActiveCfg = Debug|Any CPU
		{83E2224C-FF28-4A2C-B42D-2462ABF14827}.Debug|Any CPU.Build.0 = Debug|Any CPU
		{83E2224C-FF28-4A2C-B42D-2462ABF14827}.Release|Any CPU.ActiveCfg = Release|Any CPU
		{83E2224C-FF28-4A2C-B42D-2462ABF14827}.Release|Any CPU.Build.0 = Release|Any CPU
		{89D660E0-BE26-4580-A7D4-CA026A6E37F7}.Debug|Any CPU.ActiveCfg = Debug|Any CPU
		{89D660E0-BE26-4580-A7D4-CA026A6E37F7}.Debug|Any CPU.Build.0 = Debug|Any CPU
		{89D660E0-BE26-4580-A7D4-CA026A6E37F7}.Release|Any CPU.ActiveCfg = Release|Any CPU
		{89D660E0-BE26-4580-A7D4-CA026A6E37F7}.Release|Any CPU.Build.0 = Release|Any CPU
		{9FCBAD6F-D94D-4E39-8C71-95BF3ED1CCEC}.Debug|Any CPU.ActiveCfg = Debug|Any CPU
		{9FCBAD6F-D94D-4E39-8C71-95BF3ED1CCEC}.Debug|Any CPU.Build.0 = Debug|Any CPU
		{9FCBAD6F-D94D-4E39-8C71-95BF3ED1CCEC}.Release|Any CPU.ActiveCfg = Release|Any CPU
		{9FCBAD6F-D94D-4E39-8C71-95BF3ED1CCEC}.Release|Any CPU.Build.0 = Release|Any CPU
		{FE3EE13B-5757-442C-B862-DC80E394FFFD}.Debug|Any CPU.ActiveCfg = Debug|Any CPU
		{FE3EE13B-5757-442C-B862-DC80E394FFFD}.Debug|Any CPU.Build.0 = Debug|Any CPU
		{FE3EE13B-5757-442C-B862-DC80E394FFFD}.Release|Any CPU.ActiveCfg = Release|Any CPU
		{FE3EE13B-5757-442C-B862-DC80E394FFFD}.Release|Any CPU.Build.0 = Release|Any CPU
		{4184414F-7482-4037-86C6-E80F689A826F}.Debug|Any CPU.ActiveCfg = Debug|Any CPU
		{4184414F-7482-4037-86C6-E80F689A826F}.Debug|Any CPU.Build.0 = Debug|Any CPU
		{4184414F-7482-4037-86C6-E80F689A826F}.Release|Any CPU.ActiveCfg = Release|Any CPU
		{4184414F-7482-4037-86C6-E80F689A826F}.Release|Any CPU.Build.0 = Release|Any CPU
		{A9D26425-2EEF-43E4-9267-D00440E3EC5B}.Debug|Any CPU.ActiveCfg = Debug|Any CPU
		{A9D26425-2EEF-43E4-9267-D00440E3EC5B}.Debug|Any CPU.Build.0 = Debug|Any CPU
		{A9D26425-2EEF-43E4-9267-D00440E3EC5B}.Release|Any CPU.ActiveCfg = Release|Any CPU
		{A9D26425-2EEF-43E4-9267-D00440E3EC5B}.Release|Any CPU.Build.0 = Release|Any CPU
		{2F31F379-8626-499D-B305-842B59FFCFA8}.Debug|Any CPU.ActiveCfg = Debug|Any CPU
		{2F31F379-8626-499D-B305-842B59FFCFA8}.Debug|Any CPU.Build.0 = Debug|Any CPU
		{2F31F379-8626-499D-B305-842B59FFCFA8}.Release|Any CPU.ActiveCfg = Release|Any CPU
		{2F31F379-8626-499D-B305-842B59FFCFA8}.Release|Any CPU.Build.0 = Release|Any CPU
		{C3D29681-98BE-479F-8DFD-EBF0FD9EA6C6}.Debug|Any CPU.ActiveCfg = Debug|Any CPU
		{C3D29681-98BE-479F-8DFD-EBF0FD9EA6C6}.Debug|Any CPU.Build.0 = Debug|Any CPU
		{C3D29681-98BE-479F-8DFD-EBF0FD9EA6C6}.Release|Any CPU.ActiveCfg = Release|Any CPU
		{C3D29681-98BE-479F-8DFD-EBF0FD9EA6C6}.Release|Any CPU.Build.0 = Release|Any CPU
		{EDDCE7DF-876C-472C-AF50-AEA5AD4ECE94}.Debug|Any CPU.ActiveCfg = Debug|Any CPU
		{EDDCE7DF-876C-472C-AF50-AEA5AD4ECE94}.Debug|Any CPU.Build.0 = Debug|Any CPU
		{EDDCE7DF-876C-472C-AF50-AEA5AD4ECE94}.Release|Any CPU.ActiveCfg = Release|Any CPU
		{EDDCE7DF-876C-472C-AF50-AEA5AD4ECE94}.Release|Any CPU.Build.0 = Release|Any CPU
		{29F19688-B20E-44ED-A73B-7BDB14C287E6}.Debug|Any CPU.ActiveCfg = Debug|Any CPU
		{29F19688-B20E-44ED-A73B-7BDB14C287E6}.Debug|Any CPU.Build.0 = Debug|Any CPU
		{29F19688-B20E-44ED-A73B-7BDB14C287E6}.Release|Any CPU.ActiveCfg = Release|Any CPU
		{29F19688-B20E-44ED-A73B-7BDB14C287E6}.Release|Any CPU.Build.0 = Release|Any CPU
		{1F4C3130-E61F-4CA6-A686-348807EED6F8}.Debug|Any CPU.ActiveCfg = Debug|Any CPU
		{1F4C3130-E61F-4CA6-A686-348807EED6F8}.Debug|Any CPU.Build.0 = Debug|Any CPU
		{1F4C3130-E61F-4CA6-A686-348807EED6F8}.Release|Any CPU.ActiveCfg = Release|Any CPU
		{1F4C3130-E61F-4CA6-A686-348807EED6F8}.Release|Any CPU.Build.0 = Release|Any CPU
		{03A58222-E397-4003-9093-0967555D9F01}.Debug|Any CPU.ActiveCfg = Debug|Any CPU
		{03A58222-E397-4003-9093-0967555D9F01}.Debug|Any CPU.Build.0 = Debug|Any CPU
		{03A58222-E397-4003-9093-0967555D9F01}.Release|Any CPU.ActiveCfg = Release|Any CPU
		{03A58222-E397-4003-9093-0967555D9F01}.Release|Any CPU.Build.0 = Release|Any CPU
		{59FF90C2-4135-4E19-8687-02DEB8307064}.Debug|Any CPU.ActiveCfg = Debug|Any CPU
		{59FF90C2-4135-4E19-8687-02DEB8307064}.Debug|Any CPU.Build.0 = Debug|Any CPU
		{59FF90C2-4135-4E19-8687-02DEB8307064}.Release|Any CPU.ActiveCfg = Release|Any CPU
		{59FF90C2-4135-4E19-8687-02DEB8307064}.Release|Any CPU.Build.0 = Release|Any CPU
		{15A04733-2936-4A10-9D04-11A1C062F4F9}.Debug|Any CPU.ActiveCfg = Debug|Any CPU
		{15A04733-2936-4A10-9D04-11A1C062F4F9}.Debug|Any CPU.Build.0 = Debug|Any CPU
		{15A04733-2936-4A10-9D04-11A1C062F4F9}.Release|Any CPU.ActiveCfg = Release|Any CPU
		{15A04733-2936-4A10-9D04-11A1C062F4F9}.Release|Any CPU.Build.0 = Release|Any CPU
		{E65C4BA9-32BE-4EB0-82C4-845D68E3144C}.Debug|Any CPU.ActiveCfg = Debug|Any CPU
		{E65C4BA9-32BE-4EB0-82C4-845D68E3144C}.Debug|Any CPU.Build.0 = Debug|Any CPU
		{E65C4BA9-32BE-4EB0-82C4-845D68E3144C}.Release|Any CPU.ActiveCfg = Release|Any CPU
		{E65C4BA9-32BE-4EB0-82C4-845D68E3144C}.Release|Any CPU.Build.0 = Release|Any CPU
		{402B2994-ABC3-49B0-991A-E8E97C4A0CFF}.Debug|Any CPU.ActiveCfg = Debug|Any CPU
		{402B2994-ABC3-49B0-991A-E8E97C4A0CFF}.Debug|Any CPU.Build.0 = Debug|Any CPU
		{402B2994-ABC3-49B0-991A-E8E97C4A0CFF}.Release|Any CPU.ActiveCfg = Release|Any CPU
		{402B2994-ABC3-49B0-991A-E8E97C4A0CFF}.Release|Any CPU.Build.0 = Release|Any CPU
		{85955A4E-4C86-4DC0-A61A-3846E1AFFB03}.Debug|Any CPU.ActiveCfg = Debug|Any CPU
		{85955A4E-4C86-4DC0-A61A-3846E1AFFB03}.Debug|Any CPU.Build.0 = Debug|Any CPU
		{85955A4E-4C86-4DC0-A61A-3846E1AFFB03}.Release|Any CPU.ActiveCfg = Release|Any CPU
		{85955A4E-4C86-4DC0-A61A-3846E1AFFB03}.Release|Any CPU.Build.0 = Release|Any CPU
		{8A254906-B76C-4BA9-8D08-FBE5836EDD79}.Debug|Any CPU.ActiveCfg = Debug|Any CPU
		{8A254906-B76C-4BA9-8D08-FBE5836EDD79}.Debug|Any CPU.Build.0 = Debug|Any CPU
		{8A254906-B76C-4BA9-8D08-FBE5836EDD79}.Release|Any CPU.ActiveCfg = Release|Any CPU
		{8A254906-B76C-4BA9-8D08-FBE5836EDD79}.Release|Any CPU.Build.0 = Release|Any CPU
		{C06782B1-6E12-4D72-B8F8-CE013B1D1065}.Debug|Any CPU.ActiveCfg = Debug|Any CPU
		{C06782B1-6E12-4D72-B8F8-CE013B1D1065}.Debug|Any CPU.Build.0 = Debug|Any CPU
		{C06782B1-6E12-4D72-B8F8-CE013B1D1065}.Release|Any CPU.ActiveCfg = Release|Any CPU
		{C06782B1-6E12-4D72-B8F8-CE013B1D1065}.Release|Any CPU.Build.0 = Release|Any CPU
		{CDDC78B8-4EF2-4F67-BF4D-7B967145E5FE}.Debug|Any CPU.ActiveCfg = Debug|Any CPU
		{CDDC78B8-4EF2-4F67-BF4D-7B967145E5FE}.Debug|Any CPU.Build.0 = Debug|Any CPU
		{CDDC78B8-4EF2-4F67-BF4D-7B967145E5FE}.Release|Any CPU.ActiveCfg = Release|Any CPU
		{CDDC78B8-4EF2-4F67-BF4D-7B967145E5FE}.Release|Any CPU.Build.0 = Release|Any CPU
		{FC44E9C7-41A1-402C-BCBE-55246303F943}.Debug|Any CPU.ActiveCfg = Debug|Any CPU
		{FC44E9C7-41A1-402C-BCBE-55246303F943}.Debug|Any CPU.Build.0 = Debug|Any CPU
		{FC44E9C7-41A1-402C-BCBE-55246303F943}.Release|Any CPU.ActiveCfg = Release|Any CPU
		{FC44E9C7-41A1-402C-BCBE-55246303F943}.Release|Any CPU.Build.0 = Release|Any CPU
		{8B2BC060-A784-4679-9540-6A36AEB6A017}.Debug|Any CPU.ActiveCfg = Debug|Any CPU
		{8B2BC060-A784-4679-9540-6A36AEB6A017}.Debug|Any CPU.Build.0 = Debug|Any CPU
		{8B2BC060-A784-4679-9540-6A36AEB6A017}.Release|Any CPU.ActiveCfg = Release|Any CPU
		{8B2BC060-A784-4679-9540-6A36AEB6A017}.Release|Any CPU.Build.0 = Release|Any CPU
		{9ACA8273-2638-4574-93A4-8D36BB1837EF}.Debug|Any CPU.ActiveCfg = Debug|Any CPU
		{9ACA8273-2638-4574-93A4-8D36BB1837EF}.Debug|Any CPU.Build.0 = Debug|Any CPU
		{9ACA8273-2638-4574-93A4-8D36BB1837EF}.Release|Any CPU.ActiveCfg = Release|Any CPU
		{9ACA8273-2638-4574-93A4-8D36BB1837EF}.Release|Any CPU.Build.0 = Release|Any CPU
		{1627E7DC-9A54-402A-AB9C-AC925F179104}.Debug|Any CPU.ActiveCfg = Debug|Any CPU
		{1627E7DC-9A54-402A-AB9C-AC925F179104}.Debug|Any CPU.Build.0 = Debug|Any CPU
		{1627E7DC-9A54-402A-AB9C-AC925F179104}.Release|Any CPU.ActiveCfg = Release|Any CPU
		{1627E7DC-9A54-402A-AB9C-AC925F179104}.Release|Any CPU.Build.0 = Release|Any CPU
		{5A71212C-79F1-44C3-9D30-BF410D094F3A}.Debug|Any CPU.ActiveCfg = Debug|Any CPU
		{5A71212C-79F1-44C3-9D30-BF410D094F3A}.Debug|Any CPU.Build.0 = Debug|Any CPU
		{5A71212C-79F1-44C3-9D30-BF410D094F3A}.Release|Any CPU.ActiveCfg = Release|Any CPU
		{5A71212C-79F1-44C3-9D30-BF410D094F3A}.Release|Any CPU.Build.0 = Release|Any CPU
		{12454710-6916-4DC4-9B24-974477545507}.Debug|Any CPU.ActiveCfg = Debug|Any CPU
		{12454710-6916-4DC4-9B24-974477545507}.Debug|Any CPU.Build.0 = Debug|Any CPU
		{12454710-6916-4DC4-9B24-974477545507}.Release|Any CPU.ActiveCfg = Release|Any CPU
		{12454710-6916-4DC4-9B24-974477545507}.Release|Any CPU.Build.0 = Release|Any CPU
		{C4592DCA-AE38-40D3-AC3B-20BB8CDFA758}.Debug|Any CPU.ActiveCfg = Debug|Any CPU
		{C4592DCA-AE38-40D3-AC3B-20BB8CDFA758}.Debug|Any CPU.Build.0 = Debug|Any CPU
		{C4592DCA-AE38-40D3-AC3B-20BB8CDFA758}.Release|Any CPU.ActiveCfg = Release|Any CPU
		{C4592DCA-AE38-40D3-AC3B-20BB8CDFA758}.Release|Any CPU.Build.0 = Release|Any CPU
		{4F920347-7142-4B84-8FAF-5FACFEC87114}.Debug|Any CPU.ActiveCfg = Debug|Any CPU
		{4F920347-7142-4B84-8FAF-5FACFEC87114}.Debug|Any CPU.Build.0 = Debug|Any CPU
		{4F920347-7142-4B84-8FAF-5FACFEC87114}.Release|Any CPU.ActiveCfg = Release|Any CPU
		{4F920347-7142-4B84-8FAF-5FACFEC87114}.Release|Any CPU.Build.0 = Release|Any CPU
		{82901A75-31D7-4901-84A1-E099CA255950}.Debug|Any CPU.ActiveCfg = Debug|Any CPU
		{82901A75-31D7-4901-84A1-E099CA255950}.Debug|Any CPU.Build.0 = Debug|Any CPU
		{82901A75-31D7-4901-84A1-E099CA255950}.Release|Any CPU.ActiveCfg = Release|Any CPU
		{82901A75-31D7-4901-84A1-E099CA255950}.Release|Any CPU.Build.0 = Release|Any CPU
		{7AB6C9B1-E0EC-426A-B0EB-E39792FED1EA}.Debug|Any CPU.ActiveCfg = Debug|Any CPU
		{7AB6C9B1-E0EC-426A-B0EB-E39792FED1EA}.Debug|Any CPU.Build.0 = Debug|Any CPU
		{7AB6C9B1-E0EC-426A-B0EB-E39792FED1EA}.Release|Any CPU.ActiveCfg = Release|Any CPU
		{7AB6C9B1-E0EC-426A-B0EB-E39792FED1EA}.Release|Any CPU.Build.0 = Release|Any CPU
		{ACB280CB-85E6-4265-8209-FEC592A94A3A}.Debug|Any CPU.ActiveCfg = Debug|Any CPU
		{ACB280CB-85E6-4265-8209-FEC592A94A3A}.Debug|Any CPU.Build.0 = Debug|Any CPU
		{ACB280CB-85E6-4265-8209-FEC592A94A3A}.Release|Any CPU.ActiveCfg = Release|Any CPU
		{ACB280CB-85E6-4265-8209-FEC592A94A3A}.Release|Any CPU.Build.0 = Release|Any CPU
		{49093ACD-8032-44F3-9F6F-CDAAAF86ABD4}.Debug|Any CPU.ActiveCfg = Debug|Any CPU
		{49093ACD-8032-44F3-9F6F-CDAAAF86ABD4}.Debug|Any CPU.Build.0 = Debug|Any CPU
		{49093ACD-8032-44F3-9F6F-CDAAAF86ABD4}.Release|Any CPU.ActiveCfg = Release|Any CPU
		{49093ACD-8032-44F3-9F6F-CDAAAF86ABD4}.Release|Any CPU.Build.0 = Release|Any CPU
		{C403EB9B-CAB6-4C01-8575-1A7E1258465B}.Debug|Any CPU.ActiveCfg = Debug|Any CPU
		{C403EB9B-CAB6-4C01-8575-1A7E1258465B}.Debug|Any CPU.Build.0 = Debug|Any CPU
		{C403EB9B-CAB6-4C01-8575-1A7E1258465B}.Release|Any CPU.ActiveCfg = Release|Any CPU
		{C403EB9B-CAB6-4C01-8575-1A7E1258465B}.Release|Any CPU.Build.0 = Release|Any CPU
		{10BBD809-BC71-411C-B3CA-1188B8BDE8BE}.Debug|Any CPU.ActiveCfg = Debug|Any CPU
		{10BBD809-BC71-411C-B3CA-1188B8BDE8BE}.Debug|Any CPU.Build.0 = Debug|Any CPU
		{10BBD809-BC71-411C-B3CA-1188B8BDE8BE}.Release|Any CPU.ActiveCfg = Release|Any CPU
		{10BBD809-BC71-411C-B3CA-1188B8BDE8BE}.Release|Any CPU.Build.0 = Release|Any CPU
		{6EF76FC3-F0D6-4770-8F8F-51A3E726684C}.Debug|Any CPU.ActiveCfg = Debug|Any CPU
		{6EF76FC3-F0D6-4770-8F8F-51A3E726684C}.Debug|Any CPU.Build.0 = Debug|Any CPU
		{6EF76FC3-F0D6-4770-8F8F-51A3E726684C}.Release|Any CPU.ActiveCfg = Release|Any CPU
		{6EF76FC3-F0D6-4770-8F8F-51A3E726684C}.Release|Any CPU.Build.0 = Release|Any CPU
		{9249926D-68ED-467A-AA05-E42EA756D4C2}.Debug|Any CPU.ActiveCfg = Debug|Any CPU
		{9249926D-68ED-467A-AA05-E42EA756D4C2}.Debug|Any CPU.Build.0 = Debug|Any CPU
		{9249926D-68ED-467A-AA05-E42EA756D4C2}.Release|Any CPU.ActiveCfg = Release|Any CPU
		{9249926D-68ED-467A-AA05-E42EA756D4C2}.Release|Any CPU.Build.0 = Release|Any CPU
		{00A348E5-C4F3-40ED-98A2-4C6D3385E5B4}.Debug|Any CPU.ActiveCfg = Debug|Any CPU
		{00A348E5-C4F3-40ED-98A2-4C6D3385E5B4}.Debug|Any CPU.Build.0 = Debug|Any CPU
		{00A348E5-C4F3-40ED-98A2-4C6D3385E5B4}.Release|Any CPU.ActiveCfg = Release|Any CPU
		{00A348E5-C4F3-40ED-98A2-4C6D3385E5B4}.Release|Any CPU.Build.0 = Release|Any CPU
		{6384536A-FA70-43F1-BE47-3E978979D063}.Debug|Any CPU.ActiveCfg = Debug|Any CPU
		{6384536A-FA70-43F1-BE47-3E978979D063}.Debug|Any CPU.Build.0 = Debug|Any CPU
		{6384536A-FA70-43F1-BE47-3E978979D063}.Release|Any CPU.ActiveCfg = Release|Any CPU
		{6384536A-FA70-43F1-BE47-3E978979D063}.Release|Any CPU.Build.0 = Release|Any CPU
		{FD7EDFB7-20F5-4395-BE7E-DCC95278B374}.Debug|Any CPU.ActiveCfg = Debug|Any CPU
		{FD7EDFB7-20F5-4395-BE7E-DCC95278B374}.Debug|Any CPU.Build.0 = Debug|Any CPU
		{FD7EDFB7-20F5-4395-BE7E-DCC95278B374}.Release|Any CPU.ActiveCfg = Release|Any CPU
		{FD7EDFB7-20F5-4395-BE7E-DCC95278B374}.Release|Any CPU.Build.0 = Release|Any CPU
		{3DE9E677-9B8A-4248-84F9-F398A074B2ED}.Debug|Any CPU.ActiveCfg = Debug|Any CPU
		{3DE9E677-9B8A-4248-84F9-F398A074B2ED}.Debug|Any CPU.Build.0 = Debug|Any CPU
		{3DE9E677-9B8A-4248-84F9-F398A074B2ED}.Release|Any CPU.ActiveCfg = Release|Any CPU
		{3DE9E677-9B8A-4248-84F9-F398A074B2ED}.Release|Any CPU.Build.0 = Release|Any CPU
		{4CD8857C-55A9-4DA1-8F66-A0393A7703C2}.Debug|Any CPU.ActiveCfg = Debug|Any CPU
		{4CD8857C-55A9-4DA1-8F66-A0393A7703C2}.Debug|Any CPU.Build.0 = Debug|Any CPU
		{4CD8857C-55A9-4DA1-8F66-A0393A7703C2}.Release|Any CPU.ActiveCfg = Release|Any CPU
		{4CD8857C-55A9-4DA1-8F66-A0393A7703C2}.Release|Any CPU.Build.0 = Release|Any CPU
		{E5C37560-BFE4-4B7E-A3C1-9C0E9C27124A}.Debug|Any CPU.ActiveCfg = Debug|Any CPU
		{E5C37560-BFE4-4B7E-A3C1-9C0E9C27124A}.Debug|Any CPU.Build.0 = Debug|Any CPU
		{E5C37560-BFE4-4B7E-A3C1-9C0E9C27124A}.Release|Any CPU.ActiveCfg = Release|Any CPU
		{E5C37560-BFE4-4B7E-A3C1-9C0E9C27124A}.Release|Any CPU.Build.0 = Release|Any CPU
		{D23A4CE6-497E-42CC-8DAA-B56DE1B92FBA}.Debug|Any CPU.ActiveCfg = Debug|Any CPU
		{D23A4CE6-497E-42CC-8DAA-B56DE1B92FBA}.Debug|Any CPU.Build.0 = Debug|Any CPU
		{D23A4CE6-497E-42CC-8DAA-B56DE1B92FBA}.Release|Any CPU.ActiveCfg = Release|Any CPU
		{D23A4CE6-497E-42CC-8DAA-B56DE1B92FBA}.Release|Any CPU.Build.0 = Release|Any CPU
		{4D762C74-BD9A-4B69-A2A3-14344C723C19}.Debug|Any CPU.ActiveCfg = Debug|Any CPU
		{4D762C74-BD9A-4B69-A2A3-14344C723C19}.Debug|Any CPU.Build.0 = Debug|Any CPU
		{4D762C74-BD9A-4B69-A2A3-14344C723C19}.Release|Any CPU.ActiveCfg = Release|Any CPU
		{4D762C74-BD9A-4B69-A2A3-14344C723C19}.Release|Any CPU.Build.0 = Release|Any CPU
		{B79D1D43-0385-41D2-B0F1-85E1E1E42B2F}.Debug|Any CPU.ActiveCfg = Debug|Any CPU
		{B79D1D43-0385-41D2-B0F1-85E1E1E42B2F}.Debug|Any CPU.Build.0 = Debug|Any CPU
		{B79D1D43-0385-41D2-B0F1-85E1E1E42B2F}.Release|Any CPU.ActiveCfg = Release|Any CPU
		{B79D1D43-0385-41D2-B0F1-85E1E1E42B2F}.Release|Any CPU.Build.0 = Release|Any CPU
		{F8ED99F7-B419-46CE-963E-8D8C161E5400}.Debug|Any CPU.ActiveCfg = Debug|Any CPU
		{F8ED99F7-B419-46CE-963E-8D8C161E5400}.Debug|Any CPU.Build.0 = Debug|Any CPU
		{F8ED99F7-B419-46CE-963E-8D8C161E5400}.Release|Any CPU.ActiveCfg = Release|Any CPU
		{F8ED99F7-B419-46CE-963E-8D8C161E5400}.Release|Any CPU.Build.0 = Release|Any CPU
		{26C11F9C-9871-49D0-9AB5-ABD929A49172}.Debug|Any CPU.ActiveCfg = Debug|Any CPU
		{26C11F9C-9871-49D0-9AB5-ABD929A49172}.Debug|Any CPU.Build.0 = Debug|Any CPU
		{26C11F9C-9871-49D0-9AB5-ABD929A49172}.Release|Any CPU.ActiveCfg = Release|Any CPU
		{26C11F9C-9871-49D0-9AB5-ABD929A49172}.Release|Any CPU.Build.0 = Release|Any CPU
		{655C663B-F924-4818-9379-09E6F4BCF3BE}.Debug|Any CPU.ActiveCfg = Debug|Any CPU
		{655C663B-F924-4818-9379-09E6F4BCF3BE}.Debug|Any CPU.Build.0 = Debug|Any CPU
		{655C663B-F924-4818-9379-09E6F4BCF3BE}.Release|Any CPU.ActiveCfg = Release|Any CPU
		{655C663B-F924-4818-9379-09E6F4BCF3BE}.Release|Any CPU.Build.0 = Release|Any CPU
		{C511BB7C-0F76-45CB-AC05-293D1A2C195B}.Debug|Any CPU.ActiveCfg = Debug|Any CPU
		{C511BB7C-0F76-45CB-AC05-293D1A2C195B}.Debug|Any CPU.Build.0 = Debug|Any CPU
		{C511BB7C-0F76-45CB-AC05-293D1A2C195B}.Release|Any CPU.ActiveCfg = Release|Any CPU
		{C511BB7C-0F76-45CB-AC05-293D1A2C195B}.Release|Any CPU.Build.0 = Release|Any CPU
	EndGlobalSection
	GlobalSection(SolutionProperties) = preSolution
		HideSolutionNode = FALSE
	EndGlobalSection
	GlobalSection(ExtensibilityGlobals) = postSolution
		SolutionGuid = {B9879461-05C6-4E15-88B4-3CF80C3E6EC9}
	EndGlobalSection
EndGlobal
